PODS:
  - Action (4.0.0):
    - RxCocoa (~> 5.0)
    - RxSwift (~> 5.0)
  - AFNetworking/Serialization (3.2.1)
  - CTMediator (25)
  - RxBlocking (5.0.1):
    - RxSwift (~> 5)
  - RxCocoa (5.0.1):
    - RxRelay (~> 5)
    - RxSwift (~> 5)
  - RxRelay (5.0.1):
    - RxSwift (~> 5)
  - RxSwift (5.0.1)
  - RxTest (5.0.1):
    - RxSwift (~> 5)
  - SDWebImage (5.5.2):
    - SDWebImage/Core (= 5.5.2)
  - SDWebImage/Core (5.5.2)
  - SFCloudMusicBaseKit/Extensions (0.6.2)
  - SFCloudMusicFunctionKit (0.5.0)
  - XCoordinator (2.0.7):
    - XCoordinator/Core (= 2.0.7)
  - XCoordinator/Combine (2.0.7):
    - XCoordinator/Core
  - XCoordinator/Core (2.0.7)
  - XCoordinator/RxSwift (2.0.7):
    - RxSwift (~> 5.0)
    - XCoordinator/Core

DEPENDENCIES:
  - Action
  - AFNetworking/Serialization
  - CTMediator
  - RxBlocking (~> 5)
  - RxCocoa (~> 5)
  - RxSwift (~> 5)
  - RxTest (~> 5)
  - SDWebImage
  - SFCloudMusicBaseKit/Extensions
  - SFCloudMusicFunctionKit
  - XCoordinator
  - XCoordinator/Combine
  - XCoordinator/RxSwift

SPEC REPOS:
  https://github.com/CocoaPods/Specs.git:
    - Action
    - AFNetworking
    - CTMediator
    - RxBlocking
    - RxCocoa
    - RxRelay
    - RxSwift
    - RxTest
    - SDWebImage
    - XCoordinator
  https://github.com/shcamaker/SFCloudMusicBaseKitSpec.git:
    - SFCloudMusicBaseKit
    - SFCloudMusicFunctionKit

SPEC CHECKSUMS:
  Action: 0d14986aad0f1330aa27ce65d0cdeaacbb63d91c
  AFNetworking: b6f891fdfaed196b46c7a83cf209e09697b94057
  CTMediator: 830c1fc204b3a6abf2a059510c7380f56343da0f
  RxBlocking: c5e090f42d046df8b0e7752742510f349963710f
  RxCocoa: e741b9749968e8a143e2b787f1dfbff2b63d0a5c
  RxRelay: 89d54507f4fd4d969e6ec1d4bd7f3673640b4640
  RxSwift: e2dc62b366a3adf6a0be44ba9f405efd4c94e0c4
  RxTest: 0132f952a61da82d5233abedaa559df91e5330e5
  SDWebImage: 4d5c027c935438f341ed33dbac53ff9f479922ca
  SFCloudMusicBaseKit: a5f4c85a5d9db8f1b7fa9cbb6e811b99374b0df3
  SFCloudMusicFunctionKit: 4c5e63c03eb7d04773c60a88a324031e6cf7a950
  XCoordinator: 9ee654fedef1ffede33d5c11677708a555c00542

PODFILE CHECKSUM: f042ba323af0ee425293a0e91ed2e66e393d6c67

COCOAPODS: 1.8.4
