PODS:
  - Action (4.0.0):
    - RxCocoa (~> 5.0)
    - RxSwift (~> 5.0)
  - Alamofire (5.0.2)
  - CTMediator (25)
  - Moya/Core (14.0.0):
    - Alamofire (~> 5.0)
  - Moya/RxSwift (14.0.0):
    - Moya/Core
    - RxSwift (~> 5.0)
  - QTEventBus (0.4.1):
    - QTEventBus/Core (= 0.4.1)
  - QTEventBus/Core (0.4.1)
  - RxBlocking (5.0.1):
    - RxSwift (~> 5)
  - RxCocoa (5.0.1):
    - RxRelay (~> 5)
    - RxSwift (~> 5)
  - RxRelay (5.0.1):
    - RxSwift (~> 5)
  - RxSwift (5.0.1)
  - RxTest (5.0.1):
    - RxSwift (~> 5)
  - SDWebImage (5.5.2):
    - SDWebImage/Core (= 5.5.2)
  - SDWebImage/Core (5.5.2)
  - XCoordinator (2.0.7):
    - XCoordinator/Core (= 2.0.7)
  - XCoordinator/Combine (2.0.7):
    - XCoordinator/Core
  - XCoordinator/Core (2.0.7)
  - XCoordinator/RxSwift (2.0.7):
    - RxSwift (~> 5.0)
    - XCoordinator/Core

DEPENDENCIES:
  - Action
  - CTMediator
  - Moya/RxSwift (~> 14.0)
  - QTEventBus
  - RxBlocking (~> 5)
  - RxCocoa (~> 5)
  - RxSwift (~> 5)
  - RxTest (~> 5)
  - SDWebImage
  - XCoordinator
  - XCoordinator/Combine
  - XCoordinator/RxSwift

SPEC REPOS:
  https://github.com/CocoaPods/Specs.git:
    - Action
    - Alamofire
    - CTMediator
    - Moya
    - QTEventBus
    - RxBlocking
    - RxCocoa
    - RxRelay
    - RxSwift
    - RxTest
    - SDWebImage
    - XCoordinator

SPEC CHECKSUMS:
  Action: 0d14986aad0f1330aa27ce65d0cdeaacbb63d91c
  Alamofire: 3ba7a4db18b4f62c4a1c0e1cb39d7f3d52e10ada
  CTMediator: 830c1fc204b3a6abf2a059510c7380f56343da0f
  Moya: 5b45dacb75adb009f97fde91c204c1e565d31916
  QTEventBus: ea42577d40303f11fb2392e1383fb5d4a7335609
  RxBlocking: c5e090f42d046df8b0e7752742510f349963710f
  RxCocoa: e741b9749968e8a143e2b787f1dfbff2b63d0a5c
  RxRelay: 89d54507f4fd4d969e6ec1d4bd7f3673640b4640
  RxSwift: e2dc62b366a3adf6a0be44ba9f405efd4c94e0c4
  RxTest: 0132f952a61da82d5233abedaa559df91e5330e5
  SDWebImage: 4d5c027c935438f341ed33dbac53ff9f479922ca
  XCoordinator: 9ee654fedef1ffede33d5c11677708a555c00542

PODFILE CHECKSUM: 246e88db74a259edd253ab369672ee2efd1e0738

COCOAPODS: 1.8.4
