// !$*UTF8*$!
{
	archiveVersion = 1;
	classes = {
	};
	objectVersion = 50;
	objects = {

/* Begin PBXBuildFile section */
		391BFA2D23F3E8BB007D8315 /* AppDelegate.swift in Sources */ = {isa = PBXBuildFile; fileRef = 391BFA2C23F3E8BB007D8315 /* AppDelegate.swift */; };
		391BFA2F23F3E8BB007D8315 /* SceneDelegate.swift in Sources */ = {isa = PBXBuildFile; fileRef = 391BFA2E23F3E8BB007D8315 /* SceneDelegate.swift */; };
		391BFA3123F3E8BB007D8315 /* ViewController.swift in Sources */ = {isa = PBXBuildFile; fileRef = 391BFA3023F3E8BB007D8315 /* ViewController.swift */; };
		391BFA3423F3E8BB007D8315 /* Main.storyboard in Resources */ = {isa = PBXBuildFile; fileRef = 391BFA3223F3E8BB007D8315 /* Main.storyboard */; };
		391BFA3623F3E8BC007D8315 /* Assets.xcassets in Resources */ = {isa = PBXBuildFile; fileRef = 391BFA3523F3E8BC007D8315 /* Assets.xcassets */; };
		391BFA3923F3E8BC007D8315 /* LaunchScreen.storyboard in Resources */ = {isa = PBXBuildFile; fileRef = 391BFA3723F3E8BC007D8315 /* LaunchScreen.storyboard */; };
		391BFA4423F3E8BC007D8315 /* SFCloudMusicTests.swift in Sources */ = {isa = PBXBuildFile; fileRef = 391BFA4323F3E8BC007D8315 /* SFCloudMusicTests.swift */; };
		391BFA4F23F3E8BC007D8315 /* SFCloudMusicUITests.swift in Sources */ = {isa = PBXBuildFile; fileRef = 391BFA4E23F3E8BC007D8315 /* SFCloudMusicUITests.swift */; };
/* End PBXBuildFile section */

/* Begin PBXContainerItemProxy section */
		391BFA4023F3E8BC007D8315 /* PBXContainerItemProxy */ = {
			isa = PBXContainerItemProxy;
			containerPortal = 391BFA2123F3E8BA007D8315 /* Project object */;
			proxyType = 1;
			remoteGlobalIDString = 391BFA2823F3E8BB007D8315;
			remoteInfo = SFCloudMusic;
		};
		391BFA4B23F3E8BC007D8315 /* PBXContainerItemProxy */ = {
			isa = PBXContainerItemProxy;
			containerPortal = 391BFA2123F3E8BA007D8315 /* Project object */;
			proxyType = 1;
			remoteGlobalIDString = 391BFA2823F3E8BB007D8315;
			remoteInfo = SFCloudMusic;
		};
/* End PBXContainerItemProxy section */

/* Begin PBXFileReference section */
		391BFA2923F3E8BB007D8315 /* SFCloudMusic.app */ = {isa = PBXFileReference; explicitFileType = wrapper.application; includeInIndex = 0; path = SFCloudMusic.app; sourceTree = BUILT_PRODUCTS_DIR; };
		391BFA2C23F3E8BB007D8315 /* AppDelegate.swift */ = {isa = PBXFileReference; lastKnownFileType = sourcecode.swift; path = AppDelegate.swift; sourceTree = "<group>"; };
		391BFA2E23F3E8BB007D8315 /* SceneDelegate.swift */ = {isa = PBXFileReference; lastKnownFileType = sourcecode.swift; path = SceneDelegate.swift; sourceTree = "<group>"; };
		391BFA3023F3E8BB007D8315 /* ViewController.swift */ = {isa = PBXFileReference; lastKnownFileType = sourcecode.swift; path = ViewController.swift; sourceTree = "<group>"; };
		391BFA3323F3E8BB007D8315 /* Base */ = {isa = PBXFileReference; lastKnownFileType = file.storyboard; name = Base; path = Base.lproj/Main.storyboard; sourceTree = "<group>"; };
		391BFA3523F3E8BC007D8315 /* Assets.xcassets */ = {isa = PBXFileReference; lastKnownFileType = folder.assetcatalog; path = Assets.xcassets; sourceTree = "<group>"; };
		391BFA3823F3E8BC007D8315 /* Base */ = {isa = PBXFileReference; lastKnownFileType = file.storyboard; name = Base; path = Base.lproj/LaunchScreen.storyboard; sourceTree = "<group>"; };
		391BFA3A23F3E8BC007D8315 /* Info.plist */ = {isa = PBXFileReference; lastKnownFileType = text.plist.xml; path = Info.plist; sourceTree = "<group>"; };
		391BFA3F23F3E8BC007D8315 /* SFCloudMusicTests.xctest */ = {isa = PBXFileReference; explicitFileType = wrapper.cfbundle; includeInIndex = 0; path = SFCloudMusicTests.xctest; sourceTree = BUILT_PRODUCTS_DIR; };
		391BFA4323F3E8BC007D8315 /* SFCloudMusicTests.swift */ = {isa = PBXFileReference; lastKnownFileType = sourcecode.swift; path = SFCloudMusicTests.swift; sourceTree = "<group>"; };
		391BFA4523F3E8BC007D8315 /* Info.plist */ = {isa = PBXFileReference; lastKnownFileType = text.plist.xml; path = Info.plist; sourceTree = "<group>"; };
		391BFA4A23F3E8BC007D8315 /* SFCloudMusicUITests.xctest */ = {isa = PBXFileReference; explicitFileType = wrapper.cfbundle; includeInIndex = 0; path = SFCloudMusicUITests.xctest; sourceTree = BUILT_PRODUCTS_DIR; };
		391BFA4E23F3E8BC007D8315 /* SFCloudMusicUITests.swift */ = {isa = PBXFileReference; lastKnownFileType = sourcecode.swift; path = SFCloudMusicUITests.swift; sourceTree = "<group>"; };
		391BFA5023F3E8BC007D8315 /* Info.plist */ = {isa = PBXFileReference; lastKnownFileType = text.plist.xml; path = Info.plist; sourceTree = "<group>"; };
/* End PBXFileReference section */

/* Begin PBXFrameworksBuildPhase section */
		391BFA2623F3E8BB007D8315 /* Frameworks */ = {
			isa = PBXFrameworksBuildPhase;
			buildActionMask = 2147483647;
			files = (
			);
			runOnlyForDeploymentPostprocessing = 0;
		};
		391BFA3C23F3E8BC007D8315 /* Frameworks */ = {
			isa = PBXFrameworksBuildPhase;
			buildActionMask = 2147483647;
			files = (
			);
			runOnlyForDeploymentPostprocessing = 0;
		};
		391BFA4723F3E8BC007D8315 /* Frameworks */ = {
			isa = PBXFrameworksBuildPhase;
			buildActionMask = 2147483647;
			files = (
			);
			runOnlyForDeploymentPostprocessing = 0;
		};
/* End PBXFrameworksBuildPhase section */

/* Begin PBXGroup section */
		391BFA2023F3E8BA007D8315 = {
			isa = PBXGroup;
			children = (
				391BFA2B23F3E8BB007D8315 /* SFCloudMusic */,
				391BFA4223F3E8BC007D8315 /* SFCloudMusicTests */,
				391BFA4D23F3E8BC007D8315 /* SFCloudMusicUITests */,
				391BFA2A23F3E8BB007D8315 /* Products */,
			);
			sourceTree = "<group>";
		};
		391BFA2A23F3E8BB007D8315 /* Products */ = {
			isa = PBXGroup;
			children = (
				391BFA2923F3E8BB007D8315 /* SFCloudMusic.app */,
				391BFA3F23F3E8BC007D8315 /* SFCloudMusicTests.xctest */,
				391BFA4A23F3E8BC007D8315 /* SFCloudMusicUITests.xctest */,
			);
			name = Products;
			sourceTree = "<group>";
		};
		391BFA2B23F3E8BB007D8315 /* SFCloudMusic */ = {
			isa = PBXGroup;
			children = (
				391BFA2C23F3E8BB007D8315 /* AppDelegate.swift */,
				391BFA2E23F3E8BB007D8315 /* SceneDelegate.swift */,
				391BFA3023F3E8BB007D8315 /* ViewController.swift */,
				391BFA3223F3E8BB007D8315 /* Main.storyboard */,
				391BFA3523F3E8BC007D8315 /* Assets.xcassets */,
				391BFA3723F3E8BC007D8315 /* LaunchScreen.storyboard */,
				391BFA3A23F3E8BC007D8315 /* Info.plist */,
			);
			path = SFCloudMusic;
			sourceTree = "<group>";
		};
		391BFA4223F3E8BC007D8315 /* SFCloudMusicTests */ = {
			isa = PBXGroup;
			children = (
				391BFA4323F3E8BC007D8315 /* SFCloudMusicTests.swift */,
				391BFA4523F3E8BC007D8315 /* Info.plist */,
			);
			path = SFCloudMusicTests;
			sourceTree = "<group>";
		};
		391BFA4D23F3E8BC007D8315 /* SFCloudMusicUITests */ = {
			isa = PBXGroup;
			children = (
				391BFA4E23F3E8BC007D8315 /* SFCloudMusicUITests.swift */,
				391BFA5023F3E8BC007D8315 /* Info.plist */,
			);
			path = SFCloudMusicUITests;
			sourceTree = "<group>";
		};
/* End PBXGroup section */

/* Begin PBXNativeTarget section */
		391BFA2823F3E8BB007D8315 /* SFCloudMusic */ = {
			isa = PBXNativeTarget;
			buildConfigurationList = 391BFA5323F3E8BC007D8315 /* Build configuration list for PBXNativeTarget "SFCloudMusic" */;
			buildPhases = (
				391BFA2523F3E8BB007D8315 /* Sources */,
				391BFA2623F3E8BB007D8315 /* Frameworks */,
				391BFA2723F3E8BB007D8315 /* Resources */,
			);
			buildRules = (
			);
			dependencies = (
			);
			name = SFCloudMusic;
			productName = SFCloudMusic;
			productReference = 391BFA2923F3E8BB007D8315 /* SFCloudMusic.app */;
			productType = "com.apple.product-type.application";
		};
		391BFA3E23F3E8BC007D8315 /* SFCloudMusicTests */ = {
			isa = PBXNativeTarget;
			buildConfigurationList = 391BFA5623F3E8BC007D8315 /* Build configuration list for PBXNativeTarget "SFCloudMusicTests" */;
			buildPhases = (
				391BFA3B23F3E8BC007D8315 /* Sources */,
				391BFA3C23F3E8BC007D8315 /* Frameworks */,
				391BFA3D23F3E8BC007D8315 /* Resources */,
			);
			buildRules = (
			);
			dependencies = (
				391BFA4123F3E8BC007D8315 /* PBXTargetDependency */,
			);
			name = SFCloudMusicTests;
			productName = SFCloudMusicTests;
			productReference = 391BFA3F23F3E8BC007D8315 /* SFCloudMusicTests.xctest */;
			productType = "com.apple.product-type.bundle.unit-test";
		};
		391BFA4923F3E8BC007D8315 /* SFCloudMusicUITests */ = {
			isa = PBXNativeTarget;
			buildConfigurationList = 391BFA5923F3E8BC007D8315 /* Build configuration list for PBXNativeTarget "SFCloudMusicUITests" */;
			buildPhases = (
				391BFA4623F3E8BC007D8315 /* Sources */,
				391BFA4723F3E8BC007D8315 /* Frameworks */,
				391BFA4823F3E8BC007D8315 /* Resources */,
			);
			buildRules = (
			);
			dependencies = (
				391BFA4C23F3E8BC007D8315 /* PBXTargetDependency */,
			);
			name = SFCloudMusicUITests;
			productName = SFCloudMusicUITests;
			productReference = 391BFA4A23F3E8BC007D8315 /* SFCloudMusicUITests.xctest */;
			productType = "com.apple.product-type.bundle.ui-testing";
		};
/* End PBXNativeTarget section */

/* Begin PBXProject section */
		391BFA2123F3E8BA007D8315 /* Project object */ = {
			isa = PBXProject;
			attributes = {
				LastSwiftUpdateCheck = 1130;
				LastUpgradeCheck = 1130;
				ORGANIZATIONNAME = "沈海超";
				TargetAttributes = {
					391BFA2823F3E8BB007D8315 = {
						CreatedOnToolsVersion = 11.3;
					};
					391BFA3E23F3E8BC007D8315 = {
						CreatedOnToolsVersion = 11.3;
						TestTargetID = 391BFA2823F3E8BB007D8315;
					};
					391BFA4923F3E8BC007D8315 = {
						CreatedOnToolsVersion = 11.3;
						TestTargetID = 391BFA2823F3E8BB007D8315;
					};
				};
			};
			buildConfigurationList = 391BFA2423F3E8BA007D8315 /* Build configuration list for PBXProject "SFCloudMusic" */;
			compatibilityVersion = "Xcode 9.3";
			developmentRegion = en;
			hasScannedForEncodings = 0;
			knownRegions = (
				en,
				Base,
			);
			mainGroup = 391BFA2023F3E8BA007D8315;
			productRefGroup = 391BFA2A23F3E8BB007D8315 /* Products */;
			projectDirPath = "";
			projectRoot = "";
			targets = (
				391BFA2823F3E8BB007D8315 /* SFCloudMusic */,
				391BFA3E23F3E8BC007D8315 /* SFCloudMusicTests */,
				391BFA4923F3E8BC007D8315 /* SFCloudMusicUITests */,
			);
		};
/* End PBXProject section */

/* Begin PBXResourcesBuildPhase section */
		391BFA2723F3E8BB007D8315 /* Resources */ = {
			isa = PBXResourcesBuildPhase;
			buildActionMask = 2147483647;
			files = (
				391BFA3923F3E8BC007D8315 /* LaunchScreen.storyboard in Resources */,
				391BFA3623F3E8BC007D8315 /* Assets.xcassets in Resources */,
				391BFA3423F3E8BB007D8315 /* Main.storyboard in Resources */,
			);
			runOnlyForDeploymentPostprocessing = 0;
		};
		391BFA3D23F3E8BC007D8315 /* Resources */ = {
			isa = PBXResourcesBuildPhase;
			buildActionMask = 2147483647;
			files = (
			);
			runOnlyForDeploymentPostprocessing = 0;
		};
		391BFA4823F3E8BC007D8315 /* Resources */ = {
			isa = PBXResourcesBuildPhase;
			buildActionMask = 2147483647;
			files = (
			);
			runOnlyForDeploymentPostprocessing = 0;
		};
/* End PBXResourcesBuildPhase section */

/* Begin PBXSourcesBuildPhase section */
		391BFA2523F3E8BB007D8315 /* Sources */ = {
			isa = PBXSourcesBuildPhase;
			buildActionMask = 2147483647;
			files = (
				391BFA3123F3E8BB007D8315 /* ViewController.swift in Sources */,
				391BFA2D23F3E8BB007D8315 /* AppDelegate.swift in Sources */,
				391BFA2F23F3E8BB007D8315 /* SceneDelegate.swift in Sources */,
			);
			runOnlyForDeploymentPostprocessing = 0;
		};
		391BFA3B23F3E8BC007D8315 /* Sources */ = {
			isa = PBXSourcesBuildPhase;
			buildActionMask = 2147483647;
			files = (
				391BFA4423F3E8BC007D8315 /* SFCloudMusicTests.swift in Sources */,
			);
			runOnlyForDeploymentPostprocessing = 0;
		};
		391BFA4623F3E8BC007D8315 /* Sources */ = {
			isa = PBXSourcesBuildPhase;
			buildActionMask = 2147483647;
			files = (
				391BFA4F23F3E8BC007D8315 /* SFCloudMusicUITests.swift in Sources */,
			);
			runOnlyForDeploymentPostprocessing = 0;
		};
/* End PBXSourcesBuildPhase section */

/* Begin PBXTargetDependency section */
		391BFA4123F3E8BC007D8315 /* PBXTargetDependency */ = {
			isa = PBXTargetDependency;
			target = 391BFA2823F3E8BB007D8315 /* SFCloudMusic */;
			targetProxy = 391BFA4023F3E8BC007D8315 /* PBXContainerItemProxy */;
		};
		391BFA4C23F3E8BC007D8315 /* PBXTargetDependency */ = {
			isa = PBXTargetDependency;
			target = 391BFA2823F3E8BB007D8315 /* SFCloudMusic */;
			targetProxy = 391BFA4B23F3E8BC007D8315 /* PBXContainerItemProxy */;
		};
/* End PBXTargetDependency section */

/* Begin PBXVariantGroup section */
		391BFA3223F3E8BB007D8315 /* Main.storyboard */ = {
			isa = PBXVariantGroup;
			children = (
				391BFA3323F3E8BB007D8315 /* Base */,
			);
			name = Main.storyboard;
			sourceTree = "<group>";
		};
		391BFA3723F3E8BC007D8315 /* LaunchScreen.storyboard */ = {
			isa = PBXVariantGroup;
			children = (
				391BFA3823F3E8BC007D8315 /* Base */,
			);
			name = LaunchScreen.storyboard;
			sourceTree = "<group>";
		};
/* End PBXVariantGroup section */

/* Begin XCBuildConfiguration section */
		391BFA5123F3E8BC007D8315 /* Debug */ = {
			isa = XCBuildConfiguration;
			buildSettings = {
				ALWAYS_SEARCH_USER_PATHS = NO;
				CLANG_ANALYZER_NONNULL = YES;
				CLANG_ANALYZER_NUMBER_OBJECT_CONVERSION = YES_AGGRESSIVE;
				CLANG_CXX_LANGUAGE_STANDARD = "gnu++14";
				CLANG_CXX_LIBRARY = "libc++";
				CLANG_ENABLE_MODULES = YES;
				CLANG_ENABLE_OBJC_ARC = YES;
				CLANG_ENABLE_OBJC_WEAK = YES;
				CLANG_WARN_BLOCK_CAPTURE_AUTORELEASING = YES;
				CLANG_WARN_BOOL_CONVERSION = YES;
				CLANG_WARN_COMMA = YES;
				CLANG_WARN_CONSTANT_CONVERSION = YES;
				CLANG_WARN_DEPRECATED_OBJC_IMPLEMENTATIONS = YES;
				CLANG_WARN_DIRECT_OBJC_ISA_USAGE = YES_ERROR;
				CLANG_WARN_DOCUMENTATION_COMMENTS = YES;
				CLANG_WARN_EMPTY_BODY = YES;
				CLANG_WARN_ENUM_CONVERSION = YES;
				CLANG_WARN_INFINITE_RECURSION = YES;
				CLANG_WARN_INT_CONVERSION = YES;
				CLANG_WARN_NON_LITERAL_NULL_CONVERSION = YES;
				CLANG_WARN_OBJC_IMPLICIT_RETAIN_SELF = YES;
				CLANG_WARN_OBJC_LITERAL_CONVERSION = YES;
				CLANG_WARN_OBJC_ROOT_CLASS = YES_ERROR;
				CLANG_WARN_RANGE_LOOP_ANALYSIS = YES;
				CLANG_WARN_STRICT_PROTOTYPES = YES;
				CLANG_WARN_SUSPICIOUS_MOVE = YES;
				CLANG_WARN_UNGUARDED_AVAILABILITY = YES_AGGRESSIVE;
				CLANG_WARN_UNREACHABLE_CODE = YES;
				CLANG_WARN__DUPLICATE_METHOD_MATCH = YES;
				COPY_PHASE_STRIP = NO;
				DEBUG_INFORMATION_FORMAT = dwarf;
				ENABLE_STRICT_OBJC_MSGSEND = YES;
				ENABLE_TESTABILITY = YES;
				GCC_C_LANGUAGE_STANDARD = gnu11;
				GCC_DYNAMIC_NO_PIC = NO;
				GCC_NO_COMMON_BLOCKS = YES;
				GCC_OPTIMIZATION_LEVEL = 0;
				GCC_PREPROCESSOR_DEFINITIONS = (
					"DEBUG=1",
					"$(inherited)",
				);
				GCC_WARN_64_TO_32_BIT_CONVERSION = YES;
				GCC_WARN_ABOUT_RETURN_TYPE = YES_ERROR;
				GCC_WARN_UNDECLARED_SELECTOR = YES;
				GCC_WARN_UNINITIALIZED_AUTOS = YES_AGGRESSIVE;
				GCC_WARN_UNUSED_FUNCTION = YES;
				GCC_WARN_UNUSED_VARIABLE = YES;
				IPHONEOS_DEPLOYMENT_TARGET = 13.2;
				MTL_ENABLE_DEBUG_INFO = INCLUDE_SOURCE;
				MTL_FAST_MATH = YES;
				ONLY_ACTIVE_ARCH = YES;
				SDKROOT = iphoneos;
				SWIFT_ACTIVE_COMPILATION_CONDITIONS = DEBUG;
				SWIFT_OPTIMIZATION_LEVEL = "-Onone";
			};
			name = Debug;
		};
		391BFA5223F3E8BC007D8315 /* Release */ = {
			isa = XCBuildConfiguration;
			buildSettings = {
				ALWAYS_SEARCH_USER_PATHS = NO;
				CLANG_ANALYZER_NONNULL = YES;
				CLANG_ANALYZER_NUMBER_OBJECT_CONVERSION = YES_AGGRESSIVE;
				CLANG_CXX_LANGUAGE_STANDARD = "gnu++14";
				CLANG_CXX_LIBRARY = "libc++";
				CLANG_ENABLE_MODULES = YES;
				CLANG_ENABLE_OBJC_ARC = YES;
				CLANG_ENABLE_OBJC_WEAK = YES;
				CLANG_WARN_BLOCK_CAPTURE_AUTORELEASING = YES;
				CLANG_WARN_BOOL_CONVERSION = YES;
				CLANG_WARN_COMMA = YES;
				CLANG_WARN_CONSTANT_CONVERSION = YES;
				CLANG_WARN_DEPRECATED_OBJC_IMPLEMENTATIONS = YES;
				CLANG_WARN_DIRECT_OBJC_ISA_USAGE = YES_ERROR;
				CLANG_WARN_DOCUMENTATION_COMMENTS = YES;
				CLANG_WARN_EMPTY_BODY = YES;
				CLANG_WARN_ENUM_CONVERSION = YES;
				CLANG_WARN_INFINITE_RECURSION = YES;
				CLANG_WARN_INT_CONVERSION = YES;
				CLANG_WARN_NON_LITERAL_NULL_CONVERSION = YES;
				CLANG_WARN_OBJC_IMPLICIT_RETAIN_SELF = YES;
				CLANG_WARN_OBJC_LITERAL_CONVERSION = YES;
				CLANG_WARN_OBJC_ROOT_CLASS = YES_ERROR;
				CLANG_WARN_RANGE_LOOP_ANALYSIS = YES;
				CLANG_WARN_STRICT_PROTOTYPES = YES;
				CLANG_WARN_SUSPICIOUS_MOVE = YES;
				CLANG_WARN_UNGUARDED_AVAILABILITY = YES_AGGRESSIVE;
				CLANG_WARN_UNREACHABLE_CODE = YES;
				CLANG_WARN__DUPLICATE_METHOD_MATCH = YES;
				COPY_PHASE_STRIP = NO;
				DEBUG_INFORMATION_FORMAT = "dwarf-with-dsym";
				ENABLE_NS_ASSERTIONS = NO;
				ENABLE_STRICT_OBJC_MSGSEND = YES;
				GCC_C_LANGUAGE_STANDARD = gnu11;
				GCC_NO_COMMON_BLOCKS = YES;
				GCC_WARN_64_TO_32_BIT_CONVERSION = YES;
				GCC_WARN_ABOUT_RETURN_TYPE = YES_ERROR;
				GCC_WARN_UNDECLARED_SELECTOR = YES;
				GCC_WARN_UNINITIALIZED_AUTOS = YES_AGGRESSIVE;
				GCC_WARN_UNUSED_FUNCTION = YES;
				GCC_WARN_UNUSED_VARIABLE = YES;
				IPHONEOS_DEPLOYMENT_TARGET = 13.2;
				MTL_ENABLE_DEBUG_INFO = NO;
				MTL_FAST_MATH = YES;
				SDKROOT = iphoneos;
				SWIFT_COMPILATION_MODE = wholemodule;
				SWIFT_OPTIMIZATION_LEVEL = "-O";
				VALIDATE_PRODUCT = YES;
			};
			name = Release;
		};
		391BFA5423F3E8BC007D8315 /* Debug */ = {
			isa = XCBuildConfiguration;
			buildSettings = {
				ASSETCATALOG_COMPILER_APPICON_NAME = AppIcon;
				CODE_SIGN_STYLE = Automatic;
				DEVELOPMENT_TEAM = CM22YAGS99;
				INFOPLIST_FILE = SFCloudMusic/Info.plist;
				LD_RUNPATH_SEARCH_PATHS = (
					"$(inherited)",
					"@executable_path/Frameworks",
				);
				PRODUCT_BUNDLE_IDENTIFIER = com.shenhaichao.SFCloudMusic;
				PRODUCT_NAME = "$(TARGET_NAME)";
				SWIFT_VERSION = 5.0;
				TARGETED_DEVICE_FAMILY = "1,2";
			};
			name = Debug;
		};
		391BFA5523F3E8BC007D8315 /* Release */ = {
			isa = XCBuildConfiguration;
			buildSettings = {
				ASSETCATALOG_COMPILER_APPICON_NAME = AppIcon;
				CODE_SIGN_STYLE = Automatic;
				DEVELOPMENT_TEAM = CM22YAGS99;
				INFOPLIST_FILE = SFCloudMusic/Info.plist;
				LD_RUNPATH_SEARCH_PATHS = (
					"$(inherited)",
					"@executable_path/Frameworks",
				);
				PRODUCT_BUNDLE_IDENTIFIER = com.shenhaichao.SFCloudMusic;
				PRODUCT_NAME = "$(TARGET_NAME)";
				SWIFT_VERSION = 5.0;
				TARGETED_DEVICE_FAMILY = "1,2";
			};
			name = Release;
		};
		391BFA5723F3E8BC007D8315 /* Debug */ = {
			isa = XCBuildConfiguration;
			buildSettings = {
				ALWAYS_EMBED_SWIFT_STANDARD_LIBRARIES = YES;
				BUNDLE_LOADER = "$(TEST_HOST)";
				CODE_SIGN_STYLE = Automatic;
				DEVELOPMENT_TEAM = CM22YAGS99;
				INFOPLIST_FILE = SFCloudMusicTests/Info.plist;
				IPHONEOS_DEPLOYMENT_TARGET = 13.2;
				LD_RUNPATH_SEARCH_PATHS = (
					"$(inherited)",
					"@executable_path/Frameworks",
					"@loader_path/Frameworks",
				);
				PRODUCT_BUNDLE_IDENTIFIER = com.shenhaichao.SFCloudMusicTests;
				PRODUCT_NAME = "$(TARGET_NAME)";
				SWIFT_VERSION = 5.0;
				TARGETED_DEVICE_FAMILY = "1,2";
				TEST_HOST = "$(BUILT_PRODUCTS_DIR)/SFCloudMusic.app/SFCloudMusic";
			};
			name = Debug;
		};
		391BFA5823F3E8BC007D8315 /* Release */ = {
			isa = XCBuildConfiguration;
			buildSettings = {
				ALWAYS_EMBED_SWIFT_STANDARD_LIBRARIES = YES;
				BUNDLE_LOADER = "$(TEST_HOST)";
				CODE_SIGN_STYLE = Automatic;
				DEVELOPMENT_TEAM = CM22YAGS99;
				INFOPLIST_FILE = SFCloudMusicTests/Info.plist;
				IPHONEOS_DEPLOYMENT_TARGET = 13.2;
				LD_RUNPATH_SEARCH_PATHS = (
					"$(inherited)",
					"@executable_path/Frameworks",
					"@loader_path/Frameworks",
				);
				PRODUCT_BUNDLE_IDENTIFIER = com.shenhaichao.SFCloudMusicTests;
				PRODUCT_NAME = "$(TARGET_NAME)";
				SWIFT_VERSION = 5.0;
				TARGETED_DEVICE_FAMILY = "1,2";
				TEST_HOST = "$(BUILT_PRODUCTS_DIR)/SFCloudMusic.app/SFCloudMusic";
			};
			name = Release;
		};
		391BFA5A23F3E8BC007D8315 /* Debug */ = {
			isa = XCBuildConfiguration;
			buildSettings = {
				ALWAYS_EMBED_SWIFT_STANDARD_LIBRARIES = YES;
				CODE_SIGN_STYLE = Automatic;
				DEVELOPMENT_TEAM = CM22YAGS99;
				INFOPLIST_FILE = SFCloudMusicUITests/Info.plist;
				LD_RUNPATH_SEARCH_PATHS = (
					"$(inherited)",
					"@executable_path/Frameworks",
					"@loader_path/Frameworks",
				);
				PRODUCT_BUNDLE_IDENTIFIER = com.shenhaichao.SFCloudMusicUITests;
				PRODUCT_NAME = "$(TARGET_NAME)";
				SWIFT_VERSION = 5.0;
				TARGETED_DEVICE_FAMILY = "1,2";
				TEST_TARGET_NAME = SFCloudMusic;
			};
			name = Debug;
		};
		391BFA5B23F3E8BC007D8315 /* Release */ = {
			isa = XCBuildConfiguration;
			buildSettings = {
				ALWAYS_EMBED_SWIFT_STANDARD_LIBRARIES = YES;
				CODE_SIGN_STYLE = Automatic;
				DEVELOPMENT_TEAM = CM22YAGS99;
				INFOPLIST_FILE = SFCloudMusicUITests/Info.plist;
				LD_RUNPATH_SEARCH_PATHS = (
					"$(inherited)",
					"@executable_path/Frameworks",
					"@loader_path/Frameworks",
				);
				PRODUCT_BUNDLE_IDENTIFIER = com.shenhaichao.SFCloudMusicUITests;
				PRODUCT_NAME = "$(TARGET_NAME)";
				SWIFT_VERSION = 5.0;
				TARGETED_DEVICE_FAMILY = "1,2";
				TEST_TARGET_NAME = SFCloudMusic;
			};
			name = Release;
		};
/* End XCBuildConfiguration section */

/* Begin XCConfigurationList section */
		391BFA2423F3E8BA007D8315 /* Build configuration list for PBXProject "SFCloudMusic" */ = {
			isa = XCConfigurationList;
			buildConfigurations = (
				391BFA5123F3E8BC007D8315 /* Debug */,
				391BFA5223F3E8BC007D8315 /* Release */,
			);
			defaultConfigurationIsVisible = 0;
			defaultConfigurationName = Release;
		};
		391BFA5323F3E8BC007D8315 /* Build configuration list for PBXNativeTarget "SFCloudMusic" */ = {
			isa = XCConfigurationList;
			buildConfigurations = (
				391BFA5423F3E8BC007D8315 /* Debug */,
				391BFA5523F3E8BC007D8315 /* Release */,
			);
			defaultConfigurationIsVisible = 0;
			defaultConfigurationName = Release;
		};
		391BFA5623F3E8BC007D8315 /* Build configuration list for PBXNativeTarget "SFCloudMusicTests" */ = {
			isa = XCConfigurationList;
			buildConfigurations = (
				391BFA5723F3E8BC007D8315 /* Debug */,
				391BFA5823F3E8BC007D8315 /* Release */,
			);
			defaultConfigurationIsVisible = 0;
			defaultConfigurationName = Release;
		};
		391BFA5923F3E8BC007D8315 /* Build configuration list for PBXNativeTarget "SFCloudMusicUITests" */ = {
			isa = XCConfigurationList;
			buildConfigurations = (
				391BFA5A23F3E8BC007D8315 /* Debug */,
				391BFA5B23F3E8BC007D8315 /* Release */,
			);
			defaultConfigurationIsVisible = 0;
			defaultConfigurationName = Release;
		};
/* End XCConfigurationList section */
	};
	rootObject = 391BFA2123F3E8BA007D8315 /* Project object */;
}
