// !$*UTF8*$!
{
	archiveVersion = 1;
	classes = {
	};
	objectVersion = 51;
	objects = {

/* Begin PBXBuildFile section */
		391BFA2D23F3E8BB007D8315 /* AppDelegate.swift in Sources */ = {isa = PBXBuildFile; fileRef = 391BFA2C23F3E8BB007D8315 /* AppDelegate.swift */; };
		391BFA2F23F3E8BB007D8315 /* SceneDelegate.swift in Sources */ = {isa = PBXBuildFile; fileRef = 391BFA2E23F3E8BB007D8315 /* SceneDelegate.swift */; };
		391BFA3123F3E8BB007D8315 /* ViewController.swift in Sources */ = {isa = PBXBuildFile; fileRef = 391BFA3023F3E8BB007D8315 /* ViewController.swift */; };
		391BFA3623F3E8BC007D8315 /* Assets.xcassets in Resources */ = {isa = PBXBuildFile; fileRef = 391BFA3523F3E8BC007D8315 /* Assets.xcassets */; };
		391BFA3923F3E8BC007D8315 /* LaunchScreen.storyboard in Resources */ = {isa = PBXBuildFile; fileRef = 391BFA3723F3E8BC007D8315 /* LaunchScreen.storyboard */; };
		391BFA4423F3E8BC007D8315 /* SFCloudMusicTests.swift in Sources */ = {isa = PBXBuildFile; fileRef = 391BFA4323F3E8BC007D8315 /* SFCloudMusicTests.swift */; };
		391BFA4F23F3E8BC007D8315 /* SFCloudMusicUITests.swift in Sources */ = {isa = PBXBuildFile; fileRef = 391BFA4E23F3E8BC007D8315 /* SFCloudMusicUITests.swift */; };
		391BFA6123F3E963007D8315 /* SFAppCoordinator.swift in Sources */ = {isa = PBXBuildFile; fileRef = 391BFA6023F3E963007D8315 /* SFAppCoordinator.swift */; };
		393973F323F67DEA00295EAD /* UIImage+UI.swift in Sources */ = {isa = PBXBuildFile; fileRef = 393973F023F67DE600295EAD /* UIImage+UI.swift */; };
		393973F423F67DEA00295EAD /* UIColor+UI.swift in Sources */ = {isa = PBXBuildFile; fileRef = 393973F123F67DE800295EAD /* UIColor+UI.swift */; };
		393973F723F6A2D800295EAD /* UIImageView+SD.swift in Sources */ = {isa = PBXBuildFile; fileRef = 393973F623F6A2D800295EAD /* UIImageView+SD.swift */; };
		396715AD23FB3C6600956072 /* SFAlertKit.swift in Sources */ = {isa = PBXBuildFile; fileRef = 396715AC23FB3C6600956072 /* SFAlertKit.swift */; };
		39818CDB23F9915A0055C2CF /* String+URL.swift in Sources */ = {isa = PBXBuildFile; fileRef = 39818CDA23F9915A0055C2CF /* String+URL.swift */; };
		39AE046923F818DC002AAE3E /* SFBaseTableViewCell.swift in Sources */ = {isa = PBXBuildFile; fileRef = 39AE046823F818DC002AAE3E /* SFBaseTableViewCell.swift */; };
		39AE046B23F819BD002AAE3E /* SFBaseCellModel.swift in Sources */ = {isa = PBXBuildFile; fileRef = 39AE046A23F819BD002AAE3E /* SFBaseCellModel.swift */; };
		39AE046D23F82C1B002AAE3E /* SFBaseSectionModel.swift in Sources */ = {isa = PBXBuildFile; fileRef = 39AE046C23F82C1B002AAE3E /* SFBaseSectionModel.swift */; };
		39D1482B23F4FA420068E105 /* SFHomeTabCoordinator.swift in Sources */ = {isa = PBXBuildFile; fileRef = 39D1482A23F4FA420068E105 /* SFHomeTabCoordinator.swift */; };
		39D1482D23F500B90068E105 /* SFDiscoverCoordinator.swift in Sources */ = {isa = PBXBuildFile; fileRef = 39D1482C23F500B90068E105 /* SFDiscoverCoordinator.swift */; };
		39D1482F23F500D90068E105 /* SFVideoCoordinator.swift in Sources */ = {isa = PBXBuildFile; fileRef = 39D1482E23F500D90068E105 /* SFVideoCoordinator.swift */; };
		39D1483123F500E50068E105 /* SFMineCoordinator.swift in Sources */ = {isa = PBXBuildFile; fileRef = 39D1483023F500E50068E105 /* SFMineCoordinator.swift */; };
		39D1483323F500F10068E105 /* SFCloudVillageCoordinator.swift in Sources */ = {isa = PBXBuildFile; fileRef = 39D1483223F500F10068E105 /* SFCloudVillageCoordinator.swift */; };
		39D1483523F501020068E105 /* SFAccountCoordinator.swift in Sources */ = {isa = PBXBuildFile; fileRef = 39D1483423F501020068E105 /* SFAccountCoordinator.swift */; };
		39D1484123F502620068E105 /* SFLoginViewController.swift in Sources */ = {isa = PBXBuildFile; fileRef = 39D1483E23F502620068E105 /* SFLoginViewController.swift */; };
		723D682B6DD86A85A4D4E167 /* Pods_SFCloudMusic_SFCloudMusicTests.framework in Frameworks */ = {isa = PBXBuildFile; fileRef = 96F86953DFA63DF725446EAD /* Pods_SFCloudMusic_SFCloudMusicTests.framework */; };
		7B935185115152E6A2DAA985 /* Pods_SFCloudMusic.framework in Frameworks */ = {isa = PBXBuildFile; fileRef = 03149FC307EA6E816DBD222A /* Pods_SFCloudMusic.framework */; };
		C36515042407C0A0008558B8 /* SFMediator.swift in Sources */ = {isa = PBXBuildFile; fileRef = C36515032407C0A0008558B8 /* SFMediator.swift */; };
		C365150C2407C0A8008558B8 /* CTMediator+Video.swift in Sources */ = {isa = PBXBuildFile; fileRef = C36515062407C0A8008558B8 /* CTMediator+Video.swift */; };
		C365150D2407C0A8008558B8 /* CTMediator+Discover.swift in Sources */ = {isa = PBXBuildFile; fileRef = C36515072407C0A8008558B8 /* CTMediator+Discover.swift */; };
		C365150E2407C0A8008558B8 /* CTMediator+CloudVillage.swift in Sources */ = {isa = PBXBuildFile; fileRef = C36515082407C0A8008558B8 /* CTMediator+CloudVillage.swift */; };
		C365150F2407C0A8008558B8 /* CTMediator+Account.swift in Sources */ = {isa = PBXBuildFile; fileRef = C36515092407C0A8008558B8 /* CTMediator+Account.swift */; };
		C36515102407C0A8008558B8 /* CTMediator+Mine.swift in Sources */ = {isa = PBXBuildFile; fileRef = C365150A2407C0A8008558B8 /* CTMediator+Mine.swift */; };
		C36515112407C0A8008558B8 /* CTMediator+Login.swift in Sources */ = {isa = PBXBuildFile; fileRef = C365150B2407C0A8008558B8 /* CTMediator+Login.swift */; };
		C36515132407C256008558B8 /* Login.storyboard in Resources */ = {isa = PBXBuildFile; fileRef = C36515122407C256008558B8 /* Login.storyboard */; };
		C36515152407C277008558B8 /* Target_Login.swift in Sources */ = {isa = PBXBuildFile; fileRef = C36515142407C277008558B8 /* Target_Login.swift */; };
		C36515172407C29E008558B8 /* SFLoginViewModel.swift in Sources */ = {isa = PBXBuildFile; fileRef = C36515162407C29E008558B8 /* SFLoginViewModel.swift */; };
		C36515222407C309008558B8 /* SFDiscoverViewModel.swift in Sources */ = {isa = PBXBuildFile; fileRef = C36515182407C305008558B8 /* SFDiscoverViewModel.swift */; };
		C36515232407C309008558B8 /* SFDiscoverCycleScrollCell.swift in Sources */ = {isa = PBXBuildFile; fileRef = C36515192407C305008558B8 /* SFDiscoverCycleScrollCell.swift */; };
		C36515242407C309008558B8 /* SFDiscoverViewController.swift in Sources */ = {isa = PBXBuildFile; fileRef = C365151A2407C306008558B8 /* SFDiscoverViewController.swift */; };
		C36515252407C309008558B8 /* SFDiscoverServicesCell.swift in Sources */ = {isa = PBXBuildFile; fileRef = C365151B2407C306008558B8 /* SFDiscoverServicesCell.swift */; };
		C36515262407C309008558B8 /* SFDiscoverCycleScrollCellModel.swift in Sources */ = {isa = PBXBuildFile; fileRef = C365151C2407C307008558B8 /* SFDiscoverCycleScrollCellModel.swift */; };
		C36515272407C309008558B8 /* SFDiscoverServicesCellModel.swift in Sources */ = {isa = PBXBuildFile; fileRef = C365151D2407C307008558B8 /* SFDiscoverServicesCellModel.swift */; };
		C36515282407C309008558B8 /* Discover.storyboard in Resources */ = {isa = PBXBuildFile; fileRef = C365151E2407C308008558B8 /* Discover.storyboard */; };
		C36515292407C309008558B8 /* SFDiscoverServicesCell.xib in Resources */ = {isa = PBXBuildFile; fileRef = C365151F2407C308008558B8 /* SFDiscoverServicesCell.xib */; };
		C365152A2407C309008558B8 /* SFDiscoverService.swift in Sources */ = {isa = PBXBuildFile; fileRef = C36515202407C309008558B8 /* SFDiscoverService.swift */; };
		C365152B2407C309008558B8 /* Target_Discover.swift in Sources */ = {isa = PBXBuildFile; fileRef = C36515212407C309008558B8 /* Target_Discover.swift */; };
		C365152D2407C35E008558B8 /* BindableType.swift in Sources */ = {isa = PBXBuildFile; fileRef = C365152C2407C35D008558B8 /* BindableType.swift */; };
		C36515322407C3B1008558B8 /* SFVideoViewController.swift in Sources */ = {isa = PBXBuildFile; fileRef = C365152E2407C3AF008558B8 /* SFVideoViewController.swift */; };
		C36515332407C3B1008558B8 /* Target_Video.swift in Sources */ = {isa = PBXBuildFile; fileRef = C365152F2407C3B0008558B8 /* Target_Video.swift */; };
		C36515342407C3B1008558B8 /* Video.storyboard in Resources */ = {isa = PBXBuildFile; fileRef = C36515302407C3B0008558B8 /* Video.storyboard */; };
		C36515352407C3B1008558B8 /* SFVideoViewModel.swift in Sources */ = {isa = PBXBuildFile; fileRef = C36515312407C3B1008558B8 /* SFVideoViewModel.swift */; };
		C365153A2407C3CD008558B8 /* SFMineViewModel.swift in Sources */ = {isa = PBXBuildFile; fileRef = C36515362407C3CB008558B8 /* SFMineViewModel.swift */; };
		C365153B2407C3CD008558B8 /* Target_Mine.swift in Sources */ = {isa = PBXBuildFile; fileRef = C36515372407C3CB008558B8 /* Target_Mine.swift */; };
		C365153C2407C3CD008558B8 /* SFMineViewController.swift in Sources */ = {isa = PBXBuildFile; fileRef = C36515382407C3CC008558B8 /* SFMineViewController.swift */; };
		C365153D2407C3CD008558B8 /* Mine.storyboard in Resources */ = {isa = PBXBuildFile; fileRef = C36515392407C3CD008558B8 /* Mine.storyboard */; };
		C36515422407C3F2008558B8 /* SFCloundVillageViewModel.swift in Sources */ = {isa = PBXBuildFile; fileRef = C365153E2407C3F0008558B8 /* SFCloundVillageViewModel.swift */; };
		C36515432407C3F2008558B8 /* Target_CloudVillage.swift in Sources */ = {isa = PBXBuildFile; fileRef = C365153F2407C3F1008558B8 /* Target_CloudVillage.swift */; };
		C36515442407C3F2008558B8 /* CloudVillage.storyboard in Resources */ = {isa = PBXBuildFile; fileRef = C36515402407C3F2008558B8 /* CloudVillage.storyboard */; };
		C36515452407C3F2008558B8 /* SFCloundVillageViewController.swift in Sources */ = {isa = PBXBuildFile; fileRef = C36515412407C3F2008558B8 /* SFCloundVillageViewController.swift */; };
		C365154A2407C413008558B8 /* SFAccountViewModel.swift in Sources */ = {isa = PBXBuildFile; fileRef = C36515462407C412008558B8 /* SFAccountViewModel.swift */; };
		C365154B2407C413008558B8 /* SFAccountViewController.swift in Sources */ = {isa = PBXBuildFile; fileRef = C36515472407C412008558B8 /* SFAccountViewController.swift */; };
		C365154C2407C413008558B8 /* Target_Account.swift in Sources */ = {isa = PBXBuildFile; fileRef = C36515482407C413008558B8 /* Target_Account.swift */; };
		C365154D2407C413008558B8 /* Account.storyboard in Resources */ = {isa = PBXBuildFile; fileRef = C36515492407C413008558B8 /* Account.storyboard */; };
		C36515502407C461008558B8 /* SFCycleScrollView1.swift in Sources */ = {isa = PBXBuildFile; fileRef = C365154E2407C460008558B8 /* SFCycleScrollView1.swift */; };
		C36515512407C461008558B8 /* SFCycleScrollView.swift in Sources */ = {isa = PBXBuildFile; fileRef = C365154F2407C461008558B8 /* SFCycleScrollView.swift */; };
		E517E7C397BEAEA22DEF7E8F /* Pods_SFCloudMusic_SFCloudMusicUITests.framework in Frameworks */ = {isa = PBXBuildFile; fileRef = 2A321410D8C7ED30627969CD /* Pods_SFCloudMusic_SFCloudMusicUITests.framework */; };
/* End PBXBuildFile section */

/* Begin PBXContainerItemProxy section */
		391BFA4023F3E8BC007D8315 /* PBXContainerItemProxy */ = {
			isa = PBXContainerItemProxy;
			containerPortal = 391BFA2123F3E8BA007D8315 /* Project object */;
			proxyType = 1;
			remoteGlobalIDString = 391BFA2823F3E8BB007D8315;
			remoteInfo = SFCloudMusic;
		};
		391BFA4B23F3E8BC007D8315 /* PBXContainerItemProxy */ = {
			isa = PBXContainerItemProxy;
			containerPortal = 391BFA2123F3E8BA007D8315 /* Project object */;
			proxyType = 1;
			remoteGlobalIDString = 391BFA2823F3E8BB007D8315;
			remoteInfo = SFCloudMusic;
		};
/* End PBXContainerItemProxy section */

/* Begin PBXFileReference section */
		03149FC307EA6E816DBD222A /* Pods_SFCloudMusic.framework */ = {isa = PBXFileReference; explicitFileType = wrapper.framework; includeInIndex = 0; path = Pods_SFCloudMusic.framework; sourceTree = BUILT_PRODUCTS_DIR; };
		082A84F676FB93CE669DA0AF /* Pods-SFCloudMusic-SFCloudMusicTests.debug.xcconfig */ = {isa = PBXFileReference; includeInIndex = 1; lastKnownFileType = text.xcconfig; name = "Pods-SFCloudMusic-SFCloudMusicTests.debug.xcconfig"; path = "Target Support Files/Pods-SFCloudMusic-SFCloudMusicTests/Pods-SFCloudMusic-SFCloudMusicTests.debug.xcconfig"; sourceTree = "<group>"; };
		0DEC6FF4E0EB3EA4FFB298E8 /* Pods-SFCloudMusic.release.xcconfig */ = {isa = PBXFileReference; includeInIndex = 1; lastKnownFileType = text.xcconfig; name = "Pods-SFCloudMusic.release.xcconfig"; path = "Target Support Files/Pods-SFCloudMusic/Pods-SFCloudMusic.release.xcconfig"; sourceTree = "<group>"; };
		2A321410D8C7ED30627969CD /* Pods_SFCloudMusic_SFCloudMusicUITests.framework */ = {isa = PBXFileReference; explicitFileType = wrapper.framework; includeInIndex = 0; path = Pods_SFCloudMusic_SFCloudMusicUITests.framework; sourceTree = BUILT_PRODUCTS_DIR; };
		33B5BEE59155A7227F92179C /* Pods-SFCloudMusic.debug.xcconfig */ = {isa = PBXFileReference; includeInIndex = 1; lastKnownFileType = text.xcconfig; name = "Pods-SFCloudMusic.debug.xcconfig"; path = "Target Support Files/Pods-SFCloudMusic/Pods-SFCloudMusic.debug.xcconfig"; sourceTree = "<group>"; };
		391BFA2923F3E8BB007D8315 /* SFCloudMusic.app */ = {isa = PBXFileReference; explicitFileType = wrapper.application; includeInIndex = 0; path = SFCloudMusic.app; sourceTree = BUILT_PRODUCTS_DIR; };
		391BFA2C23F3E8BB007D8315 /* AppDelegate.swift */ = {isa = PBXFileReference; lastKnownFileType = sourcecode.swift; path = AppDelegate.swift; sourceTree = "<group>"; };
		391BFA2E23F3E8BB007D8315 /* SceneDelegate.swift */ = {isa = PBXFileReference; lastKnownFileType = sourcecode.swift; path = SceneDelegate.swift; sourceTree = "<group>"; };
		391BFA3023F3E8BB007D8315 /* ViewController.swift */ = {isa = PBXFileReference; lastKnownFileType = sourcecode.swift; path = ViewController.swift; sourceTree = "<group>"; };
		391BFA3523F3E8BC007D8315 /* Assets.xcassets */ = {isa = PBXFileReference; lastKnownFileType = folder.assetcatalog; path = Assets.xcassets; sourceTree = "<group>"; };
		391BFA3823F3E8BC007D8315 /* Base */ = {isa = PBXFileReference; lastKnownFileType = file.storyboard; name = Base; path = Base.lproj/LaunchScreen.storyboard; sourceTree = "<group>"; };
		391BFA3A23F3E8BC007D8315 /* Info.plist */ = {isa = PBXFileReference; lastKnownFileType = text.plist.xml; path = Info.plist; sourceTree = "<group>"; };
		391BFA3F23F3E8BC007D8315 /* SFCloudMusicTests.xctest */ = {isa = PBXFileReference; explicitFileType = wrapper.cfbundle; includeInIndex = 0; path = SFCloudMusicTests.xctest; sourceTree = BUILT_PRODUCTS_DIR; };
		391BFA4323F3E8BC007D8315 /* SFCloudMusicTests.swift */ = {isa = PBXFileReference; lastKnownFileType = sourcecode.swift; path = SFCloudMusicTests.swift; sourceTree = "<group>"; };
		391BFA4523F3E8BC007D8315 /* Info.plist */ = {isa = PBXFileReference; lastKnownFileType = text.plist.xml; path = Info.plist; sourceTree = "<group>"; };
		391BFA4A23F3E8BC007D8315 /* SFCloudMusicUITests.xctest */ = {isa = PBXFileReference; explicitFileType = wrapper.cfbundle; includeInIndex = 0; path = SFCloudMusicUITests.xctest; sourceTree = BUILT_PRODUCTS_DIR; };
		391BFA4E23F3E8BC007D8315 /* SFCloudMusicUITests.swift */ = {isa = PBXFileReference; lastKnownFileType = sourcecode.swift; path = SFCloudMusicUITests.swift; sourceTree = "<group>"; };
		391BFA5023F3E8BC007D8315 /* Info.plist */ = {isa = PBXFileReference; lastKnownFileType = text.plist.xml; path = Info.plist; sourceTree = "<group>"; };
		391BFA6023F3E963007D8315 /* SFAppCoordinator.swift */ = {isa = PBXFileReference; fileEncoding = 4; lastKnownFileType = sourcecode.swift; path = SFAppCoordinator.swift; sourceTree = "<group>"; };
		393973F023F67DE600295EAD /* UIImage+UI.swift */ = {isa = PBXFileReference; fileEncoding = 4; lastKnownFileType = sourcecode.swift; path = "UIImage+UI.swift"; sourceTree = "<group>"; };
		393973F123F67DE800295EAD /* UIColor+UI.swift */ = {isa = PBXFileReference; fileEncoding = 4; lastKnownFileType = sourcecode.swift; path = "UIColor+UI.swift"; sourceTree = "<group>"; };
		393973F623F6A2D800295EAD /* UIImageView+SD.swift */ = {isa = PBXFileReference; lastKnownFileType = sourcecode.swift; path = "UIImageView+SD.swift"; sourceTree = "<group>"; };
		396715AC23FB3C6600956072 /* SFAlertKit.swift */ = {isa = PBXFileReference; lastKnownFileType = sourcecode.swift; path = SFAlertKit.swift; sourceTree = "<group>"; };
		39818CDA23F9915A0055C2CF /* String+URL.swift */ = {isa = PBXFileReference; fileEncoding = 4; lastKnownFileType = sourcecode.swift; path = "String+URL.swift"; sourceTree = "<group>"; };
		39AE046823F818DC002AAE3E /* SFBaseTableViewCell.swift */ = {isa = PBXFileReference; lastKnownFileType = sourcecode.swift; path = SFBaseTableViewCell.swift; sourceTree = "<group>"; };
		39AE046A23F819BD002AAE3E /* SFBaseCellModel.swift */ = {isa = PBXFileReference; lastKnownFileType = sourcecode.swift; path = SFBaseCellModel.swift; sourceTree = "<group>"; };
		39AE046C23F82C1B002AAE3E /* SFBaseSectionModel.swift */ = {isa = PBXFileReference; lastKnownFileType = sourcecode.swift; path = SFBaseSectionModel.swift; sourceTree = "<group>"; };
		39D1482A23F4FA420068E105 /* SFHomeTabCoordinator.swift */ = {isa = PBXFileReference; lastKnownFileType = sourcecode.swift; path = SFHomeTabCoordinator.swift; sourceTree = "<group>"; };
		39D1482C23F500B90068E105 /* SFDiscoverCoordinator.swift */ = {isa = PBXFileReference; lastKnownFileType = sourcecode.swift; path = SFDiscoverCoordinator.swift; sourceTree = "<group>"; };
		39D1482E23F500D90068E105 /* SFVideoCoordinator.swift */ = {isa = PBXFileReference; lastKnownFileType = sourcecode.swift; path = SFVideoCoordinator.swift; sourceTree = "<group>"; };
		39D1483023F500E50068E105 /* SFMineCoordinator.swift */ = {isa = PBXFileReference; lastKnownFileType = sourcecode.swift; path = SFMineCoordinator.swift; sourceTree = "<group>"; };
		39D1483223F500F10068E105 /* SFCloudVillageCoordinator.swift */ = {isa = PBXFileReference; lastKnownFileType = sourcecode.swift; path = SFCloudVillageCoordinator.swift; sourceTree = "<group>"; };
		39D1483423F501020068E105 /* SFAccountCoordinator.swift */ = {isa = PBXFileReference; lastKnownFileType = sourcecode.swift; path = SFAccountCoordinator.swift; sourceTree = "<group>"; };
		39D1483E23F502620068E105 /* SFLoginViewController.swift */ = {isa = PBXFileReference; fileEncoding = 4; lastKnownFileType = sourcecode.swift; path = SFLoginViewController.swift; sourceTree = "<group>"; };
		68FADECB5E0E06EDB63C4BF2 /* Pods-SFCloudMusic-SFCloudMusicTests.release.xcconfig */ = {isa = PBXFileReference; includeInIndex = 1; lastKnownFileType = text.xcconfig; name = "Pods-SFCloudMusic-SFCloudMusicTests.release.xcconfig"; path = "Target Support Files/Pods-SFCloudMusic-SFCloudMusicTests/Pods-SFCloudMusic-SFCloudMusicTests.release.xcconfig"; sourceTree = "<group>"; };
		96F86953DFA63DF725446EAD /* Pods_SFCloudMusic_SFCloudMusicTests.framework */ = {isa = PBXFileReference; explicitFileType = wrapper.framework; includeInIndex = 0; path = Pods_SFCloudMusic_SFCloudMusicTests.framework; sourceTree = BUILT_PRODUCTS_DIR; };
		9A489081DB43354771847AD9 /* Pods-SFCloudMusic-SFCloudMusicUITests.debug.xcconfig */ = {isa = PBXFileReference; includeInIndex = 1; lastKnownFileType = text.xcconfig; name = "Pods-SFCloudMusic-SFCloudMusicUITests.debug.xcconfig"; path = "Target Support Files/Pods-SFCloudMusic-SFCloudMusicUITests/Pods-SFCloudMusic-SFCloudMusicUITests.debug.xcconfig"; sourceTree = "<group>"; };
		C36515032407C0A0008558B8 /* SFMediator.swift */ = {isa = PBXFileReference; fileEncoding = 4; lastKnownFileType = sourcecode.swift; path = SFMediator.swift; sourceTree = "<group>"; };
		C36515062407C0A8008558B8 /* CTMediator+Video.swift */ = {isa = PBXFileReference; fileEncoding = 4; lastKnownFileType = sourcecode.swift; path = "CTMediator+Video.swift"; sourceTree = "<group>"; };
		C36515072407C0A8008558B8 /* CTMediator+Discover.swift */ = {isa = PBXFileReference; fileEncoding = 4; lastKnownFileType = sourcecode.swift; path = "CTMediator+Discover.swift"; sourceTree = "<group>"; };
		C36515082407C0A8008558B8 /* CTMediator+CloudVillage.swift */ = {isa = PBXFileReference; fileEncoding = 4; lastKnownFileType = sourcecode.swift; path = "CTMediator+CloudVillage.swift"; sourceTree = "<group>"; };
		C36515092407C0A8008558B8 /* CTMediator+Account.swift */ = {isa = PBXFileReference; fileEncoding = 4; lastKnownFileType = sourcecode.swift; path = "CTMediator+Account.swift"; sourceTree = "<group>"; };
		C365150A2407C0A8008558B8 /* CTMediator+Mine.swift */ = {isa = PBXFileReference; fileEncoding = 4; lastKnownFileType = sourcecode.swift; path = "CTMediator+Mine.swift"; sourceTree = "<group>"; };
		C365150B2407C0A8008558B8 /* CTMediator+Login.swift */ = {isa = PBXFileReference; fileEncoding = 4; lastKnownFileType = sourcecode.swift; path = "CTMediator+Login.swift"; sourceTree = "<group>"; };
		C36515122407C256008558B8 /* Login.storyboard */ = {isa = PBXFileReference; fileEncoding = 4; lastKnownFileType = file.storyboard; path = Login.storyboard; sourceTree = "<group>"; };
		C36515142407C277008558B8 /* Target_Login.swift */ = {isa = PBXFileReference; fileEncoding = 4; lastKnownFileType = sourcecode.swift; path = Target_Login.swift; sourceTree = "<group>"; };
		C36515162407C29E008558B8 /* SFLoginViewModel.swift */ = {isa = PBXFileReference; fileEncoding = 4; lastKnownFileType = sourcecode.swift; path = SFLoginViewModel.swift; sourceTree = "<group>"; };
		C36515182407C305008558B8 /* SFDiscoverViewModel.swift */ = {isa = PBXFileReference; fileEncoding = 4; lastKnownFileType = sourcecode.swift; path = SFDiscoverViewModel.swift; sourceTree = "<group>"; };
		C36515192407C305008558B8 /* SFDiscoverCycleScrollCell.swift */ = {isa = PBXFileReference; fileEncoding = 4; lastKnownFileType = sourcecode.swift; path = SFDiscoverCycleScrollCell.swift; sourceTree = "<group>"; };
		C365151A2407C306008558B8 /* SFDiscoverViewController.swift */ = {isa = PBXFileReference; fileEncoding = 4; lastKnownFileType = sourcecode.swift; path = SFDiscoverViewController.swift; sourceTree = "<group>"; };
		C365151B2407C306008558B8 /* SFDiscoverServicesCell.swift */ = {isa = PBXFileReference; fileEncoding = 4; lastKnownFileType = sourcecode.swift; path = SFDiscoverServicesCell.swift; sourceTree = "<group>"; };
		C365151C2407C307008558B8 /* SFDiscoverCycleScrollCellModel.swift */ = {isa = PBXFileReference; fileEncoding = 4; lastKnownFileType = sourcecode.swift; path = SFDiscoverCycleScrollCellModel.swift; sourceTree = "<group>"; };
		C365151D2407C307008558B8 /* SFDiscoverServicesCellModel.swift */ = {isa = PBXFileReference; fileEncoding = 4; lastKnownFileType = sourcecode.swift; path = SFDiscoverServicesCellModel.swift; sourceTree = "<group>"; };
		C365151E2407C308008558B8 /* Discover.storyboard */ = {isa = PBXFileReference; fileEncoding = 4; lastKnownFileType = file.storyboard; path = Discover.storyboard; sourceTree = "<group>"; };
		C365151F2407C308008558B8 /* SFDiscoverServicesCell.xib */ = {isa = PBXFileReference; fileEncoding = 4; lastKnownFileType = file.xib; path = SFDiscoverServicesCell.xib; sourceTree = "<group>"; };
		C36515202407C309008558B8 /* SFDiscoverService.swift */ = {isa = PBXFileReference; fileEncoding = 4; lastKnownFileType = sourcecode.swift; path = SFDiscoverService.swift; sourceTree = "<group>"; };
		C36515212407C309008558B8 /* Target_Discover.swift */ = {isa = PBXFileReference; fileEncoding = 4; lastKnownFileType = sourcecode.swift; path = Target_Discover.swift; sourceTree = "<group>"; };
		C365152C2407C35D008558B8 /* BindableType.swift */ = {isa = PBXFileReference; fileEncoding = 4; lastKnownFileType = sourcecode.swift; path = BindableType.swift; sourceTree = "<group>"; };
		C365152E2407C3AF008558B8 /* SFVideoViewController.swift */ = {isa = PBXFileReference; fileEncoding = 4; lastKnownFileType = sourcecode.swift; path = SFVideoViewController.swift; sourceTree = "<group>"; };
		C365152F2407C3B0008558B8 /* Target_Video.swift */ = {isa = PBXFileReference; fileEncoding = 4; lastKnownFileType = sourcecode.swift; path = Target_Video.swift; sourceTree = "<group>"; };
		C36515302407C3B0008558B8 /* Video.storyboard */ = {isa = PBXFileReference; fileEncoding = 4; lastKnownFileType = file.storyboard; path = Video.storyboard; sourceTree = "<group>"; };
		C36515312407C3B1008558B8 /* SFVideoViewModel.swift */ = {isa = PBXFileReference; fileEncoding = 4; lastKnownFileType = sourcecode.swift; path = SFVideoViewModel.swift; sourceTree = "<group>"; };
		C36515362407C3CB008558B8 /* SFMineViewModel.swift */ = {isa = PBXFileReference; fileEncoding = 4; lastKnownFileType = sourcecode.swift; path = SFMineViewModel.swift; sourceTree = "<group>"; };
		C36515372407C3CB008558B8 /* Target_Mine.swift */ = {isa = PBXFileReference; fileEncoding = 4; lastKnownFileType = sourcecode.swift; path = Target_Mine.swift; sourceTree = "<group>"; };
		C36515382407C3CC008558B8 /* SFMineViewController.swift */ = {isa = PBXFileReference; fileEncoding = 4; lastKnownFileType = sourcecode.swift; path = SFMineViewController.swift; sourceTree = "<group>"; };
		C36515392407C3CD008558B8 /* Mine.storyboard */ = {isa = PBXFileReference; fileEncoding = 4; lastKnownFileType = file.storyboard; path = Mine.storyboard; sourceTree = "<group>"; };
		C365153E2407C3F0008558B8 /* SFCloundVillageViewModel.swift */ = {isa = PBXFileReference; fileEncoding = 4; lastKnownFileType = sourcecode.swift; path = SFCloundVillageViewModel.swift; sourceTree = "<group>"; };
		C365153F2407C3F1008558B8 /* Target_CloudVillage.swift */ = {isa = PBXFileReference; fileEncoding = 4; lastKnownFileType = sourcecode.swift; path = Target_CloudVillage.swift; sourceTree = "<group>"; };
		C36515402407C3F2008558B8 /* CloudVillage.storyboard */ = {isa = PBXFileReference; fileEncoding = 4; lastKnownFileType = file.storyboard; path = CloudVillage.storyboard; sourceTree = "<group>"; };
		C36515412407C3F2008558B8 /* SFCloundVillageViewController.swift */ = {isa = PBXFileReference; fileEncoding = 4; lastKnownFileType = sourcecode.swift; path = SFCloundVillageViewController.swift; sourceTree = "<group>"; };
		C36515462407C412008558B8 /* SFAccountViewModel.swift */ = {isa = PBXFileReference; fileEncoding = 4; lastKnownFileType = sourcecode.swift; path = SFAccountViewModel.swift; sourceTree = "<group>"; };
		C36515472407C412008558B8 /* SFAccountViewController.swift */ = {isa = PBXFileReference; fileEncoding = 4; lastKnownFileType = sourcecode.swift; path = SFAccountViewController.swift; sourceTree = "<group>"; };
		C36515482407C413008558B8 /* Target_Account.swift */ = {isa = PBXFileReference; fileEncoding = 4; lastKnownFileType = sourcecode.swift; path = Target_Account.swift; sourceTree = "<group>"; };
		C36515492407C413008558B8 /* Account.storyboard */ = {isa = PBXFileReference; fileEncoding = 4; lastKnownFileType = file.storyboard; path = Account.storyboard; sourceTree = "<group>"; };
		C365154E2407C460008558B8 /* SFCycleScrollView1.swift */ = {isa = PBXFileReference; fileEncoding = 4; lastKnownFileType = sourcecode.swift; path = SFCycleScrollView1.swift; sourceTree = "<group>"; };
		C365154F2407C461008558B8 /* SFCycleScrollView.swift */ = {isa = PBXFileReference; fileEncoding = 4; lastKnownFileType = sourcecode.swift; path = SFCycleScrollView.swift; sourceTree = "<group>"; };
		C7674537F6A9DC86BEEFA4F8 /* Pods-SFCloudMusic-SFCloudMusicUITests.release.xcconfig */ = {isa = PBXFileReference; includeInIndex = 1; lastKnownFileType = text.xcconfig; name = "Pods-SFCloudMusic-SFCloudMusicUITests.release.xcconfig"; path = "Target Support Files/Pods-SFCloudMusic-SFCloudMusicUITests/Pods-SFCloudMusic-SFCloudMusicUITests.release.xcconfig"; sourceTree = "<group>"; };
/* End PBXFileReference section */

/* Begin PBXFrameworksBuildPhase section */
		391BFA2623F3E8BB007D8315 /* Frameworks */ = {
			isa = PBXFrameworksBuildPhase;
			buildActionMask = 2147483647;
			files = (
				7B935185115152E6A2DAA985 /* Pods_SFCloudMusic.framework in Frameworks */,
			);
			runOnlyForDeploymentPostprocessing = 0;
		};
		391BFA3C23F3E8BC007D8315 /* Frameworks */ = {
			isa = PBXFrameworksBuildPhase;
			buildActionMask = 2147483647;
			files = (
				723D682B6DD86A85A4D4E167 /* Pods_SFCloudMusic_SFCloudMusicTests.framework in Frameworks */,
			);
			runOnlyForDeploymentPostprocessing = 0;
		};
		391BFA4723F3E8BC007D8315 /* Frameworks */ = {
			isa = PBXFrameworksBuildPhase;
			buildActionMask = 2147483647;
			files = (
				E517E7C397BEAEA22DEF7E8F /* Pods_SFCloudMusic_SFCloudMusicUITests.framework in Frameworks */,
			);
			runOnlyForDeploymentPostprocessing = 0;
		};
/* End PBXFrameworksBuildPhase section */

/* Begin PBXGroup section */
		3756FF3FACE2D63FDCE29808 /* Pods */ = {
			isa = PBXGroup;
			children = (
				33B5BEE59155A7227F92179C /* Pods-SFCloudMusic.debug.xcconfig */,
				0DEC6FF4E0EB3EA4FFB298E8 /* Pods-SFCloudMusic.release.xcconfig */,
				082A84F676FB93CE669DA0AF /* Pods-SFCloudMusic-SFCloudMusicTests.debug.xcconfig */,
				68FADECB5E0E06EDB63C4BF2 /* Pods-SFCloudMusic-SFCloudMusicTests.release.xcconfig */,
				9A489081DB43354771847AD9 /* Pods-SFCloudMusic-SFCloudMusicUITests.debug.xcconfig */,
				C7674537F6A9DC86BEEFA4F8 /* Pods-SFCloudMusic-SFCloudMusicUITests.release.xcconfig */,
			);
			path = Pods;
			sourceTree = "<group>";
		};
		391BFA2023F3E8BA007D8315 = {
			isa = PBXGroup;
			children = (
				391BFA2B23F3E8BB007D8315 /* SFCloudMusic */,
				391BFA4223F3E8BC007D8315 /* SFCloudMusicTests */,
				391BFA4D23F3E8BC007D8315 /* SFCloudMusicUITests */,
				391BFA2A23F3E8BB007D8315 /* Products */,
				3756FF3FACE2D63FDCE29808 /* Pods */,
				67E3ADBA2FD539F56FDBDB0A /* Frameworks */,
			);
			sourceTree = "<group>";
		};
		391BFA2A23F3E8BB007D8315 /* Products */ = {
			isa = PBXGroup;
			children = (
				391BFA2923F3E8BB007D8315 /* SFCloudMusic.app */,
				391BFA3F23F3E8BC007D8315 /* SFCloudMusicTests.xctest */,
				391BFA4A23F3E8BC007D8315 /* SFCloudMusicUITests.xctest */,
			);
			name = Products;
			sourceTree = "<group>";
		};
		391BFA2B23F3E8BB007D8315 /* SFCloudMusic */ = {
			isa = PBXGroup;
			children = (
				C36515032407C0A0008558B8 /* SFMediator.swift */,
				C36515052407C0A8008558B8 /* Mediator */,
				391BFA5C23F3E929007D8315 /* Coordinators */,
				391BFA5D23F3E92A007D8315 /* Scenes */,
				391BFA5E23F3E92A007D8315 /* Extensions */,
				391BFA5F23F3E92A007D8315 /* Utils */,
				39AE046023F7F003002AAE3E /* CustomControl */,
				391BFA2C23F3E8BB007D8315 /* AppDelegate.swift */,
				393973F623F6A2D800295EAD /* UIImageView+SD.swift */,
				391BFA2E23F3E8BB007D8315 /* SceneDelegate.swift */,
				391BFA3023F3E8BB007D8315 /* ViewController.swift */,
				391BFA3523F3E8BC007D8315 /* Assets.xcassets */,
				391BFA3723F3E8BC007D8315 /* LaunchScreen.storyboard */,
				391BFA3A23F3E8BC007D8315 /* Info.plist */,
			);
			path = SFCloudMusic;
			sourceTree = "<group>";
		};
		391BFA4223F3E8BC007D8315 /* SFCloudMusicTests */ = {
			isa = PBXGroup;
			children = (
				391BFA4323F3E8BC007D8315 /* SFCloudMusicTests.swift */,
				391BFA4523F3E8BC007D8315 /* Info.plist */,
			);
			path = SFCloudMusicTests;
			sourceTree = "<group>";
		};
		391BFA4D23F3E8BC007D8315 /* SFCloudMusicUITests */ = {
			isa = PBXGroup;
			children = (
				391BFA4E23F3E8BC007D8315 /* SFCloudMusicUITests.swift */,
				391BFA5023F3E8BC007D8315 /* Info.plist */,
			);
			path = SFCloudMusicUITests;
			sourceTree = "<group>";
		};
		391BFA5C23F3E929007D8315 /* Coordinators */ = {
			isa = PBXGroup;
			children = (
				391BFA6023F3E963007D8315 /* SFAppCoordinator.swift */,
				39D1482A23F4FA420068E105 /* SFHomeTabCoordinator.swift */,
				39D1482C23F500B90068E105 /* SFDiscoverCoordinator.swift */,
				39D1482E23F500D90068E105 /* SFVideoCoordinator.swift */,
				39D1483023F500E50068E105 /* SFMineCoordinator.swift */,
				39D1483223F500F10068E105 /* SFCloudVillageCoordinator.swift */,
				39D1483423F501020068E105 /* SFAccountCoordinator.swift */,
			);
			path = Coordinators;
			sourceTree = "<group>";
		};
		391BFA5D23F3E92A007D8315 /* Scenes */ = {
			isa = PBXGroup;
			children = (
				39AE046723F818B7002AAE3E /* Base */,
				39D1483923F502320068E105 /* Login */,
				39D1483B23F502320068E105 /* Discover */,
				39D1483A23F502320068E105 /* Video */,
				39D1483723F502310068E105 /* Mine */,
				39D1483623F502310068E105 /* CloudVillage */,
				39D1483823F502310068E105 /* Account */,
			);
			path = Scenes;
			sourceTree = "<group>";
		};
		391BFA5E23F3E92A007D8315 /* Extensions */ = {
			isa = PBXGroup;
			children = (
				39818CDA23F9915A0055C2CF /* String+URL.swift */,
				393973F123F67DE800295EAD /* UIColor+UI.swift */,
				393973F023F67DE600295EAD /* UIImage+UI.swift */,
			);
			path = Extensions;
			sourceTree = "<group>";
		};
		391BFA5F23F3E92A007D8315 /* Utils */ = {
			isa = PBXGroup;
			children = (
				396715AC23FB3C6600956072 /* SFAlertKit.swift */,
			);
			path = Utils;
			sourceTree = "<group>";
		};
		39AE046023F7F003002AAE3E /* CustomControl */ = {
			isa = PBXGroup;
			children = (
				C365154F2407C461008558B8 /* SFCycleScrollView.swift */,
				C365154E2407C460008558B8 /* SFCycleScrollView1.swift */,
			);
			path = CustomControl;
			sourceTree = "<group>";
		};
		39AE046723F818B7002AAE3E /* Base */ = {
			isa = PBXGroup;
			children = (
				C365152C2407C35D008558B8 /* BindableType.swift */,
				39AE046823F818DC002AAE3E /* SFBaseTableViewCell.swift */,
				39AE046A23F819BD002AAE3E /* SFBaseCellModel.swift */,
				39AE046C23F82C1B002AAE3E /* SFBaseSectionModel.swift */,
			);
			path = Base;
			sourceTree = "<group>";
		};
		39D1483623F502310068E105 /* CloudVillage */ = {
			isa = PBXGroup;
			children = (
				C36515402407C3F2008558B8 /* CloudVillage.storyboard */,
				C36515412407C3F2008558B8 /* SFCloundVillageViewController.swift */,
				C365153E2407C3F0008558B8 /* SFCloundVillageViewModel.swift */,
				C365153F2407C3F1008558B8 /* Target_CloudVillage.swift */,
			);
			path = CloudVillage;
			sourceTree = "<group>";
		};
		39D1483723F502310068E105 /* Mine */ = {
			isa = PBXGroup;
			children = (
				C36515392407C3CD008558B8 /* Mine.storyboard */,
				C36515382407C3CC008558B8 /* SFMineViewController.swift */,
				C36515362407C3CB008558B8 /* SFMineViewModel.swift */,
				C36515372407C3CB008558B8 /* Target_Mine.swift */,
			);
			path = Mine;
			sourceTree = "<group>";
		};
		39D1483823F502310068E105 /* Account */ = {
			isa = PBXGroup;
			children = (
				C36515492407C413008558B8 /* Account.storyboard */,
				C36515472407C412008558B8 /* SFAccountViewController.swift */,
				C36515462407C412008558B8 /* SFAccountViewModel.swift */,
				C36515482407C413008558B8 /* Target_Account.swift */,
			);
			path = Account;
			sourceTree = "<group>";
		};
		39D1483923F502320068E105 /* Login */ = {
			isa = PBXGroup;
			children = (
				39D1483E23F502620068E105 /* SFLoginViewController.swift */,
				C36515162407C29E008558B8 /* SFLoginViewModel.swift */,
				C36515122407C256008558B8 /* Login.storyboard */,
				C36515142407C277008558B8 /* Target_Login.swift */,
			);
			path = Login;
			sourceTree = "<group>";
		};
		39D1483A23F502320068E105 /* Video */ = {
			isa = PBXGroup;
			children = (
				C365152E2407C3AF008558B8 /* SFVideoViewController.swift */,
				C36515312407C3B1008558B8 /* SFVideoViewModel.swift */,
				C365152F2407C3B0008558B8 /* Target_Video.swift */,
				C36515302407C3B0008558B8 /* Video.storyboard */,
			);
			path = Video;
			sourceTree = "<group>";
		};
		39D1483B23F502320068E105 /* Discover */ = {
			isa = PBXGroup;
			children = (
				C36515212407C309008558B8 /* Target_Discover.swift */,
				C365151A2407C306008558B8 /* SFDiscoverViewController.swift */,
				C36515182407C305008558B8 /* SFDiscoverViewModel.swift */,
				C36515202407C309008558B8 /* SFDiscoverService.swift */,
				C36515192407C305008558B8 /* SFDiscoverCycleScrollCell.swift */,
				C365151C2407C307008558B8 /* SFDiscoverCycleScrollCellModel.swift */,
				C365151B2407C306008558B8 /* SFDiscoverServicesCell.swift */,
				C365151F2407C308008558B8 /* SFDiscoverServicesCell.xib */,
				C365151D2407C307008558B8 /* SFDiscoverServicesCellModel.swift */,
				C365151E2407C308008558B8 /* Discover.storyboard */,
			);
			path = Discover;
			sourceTree = "<group>";
		};
		67E3ADBA2FD539F56FDBDB0A /* Frameworks */ = {
			isa = PBXGroup;
			children = (
				03149FC307EA6E816DBD222A /* Pods_SFCloudMusic.framework */,
				96F86953DFA63DF725446EAD /* Pods_SFCloudMusic_SFCloudMusicTests.framework */,
				2A321410D8C7ED30627969CD /* Pods_SFCloudMusic_SFCloudMusicUITests.framework */,
			);
			name = Frameworks;
			sourceTree = "<group>";
		};
		C36515052407C0A8008558B8 /* Mediator */ = {
			isa = PBXGroup;
			children = (
				C36515062407C0A8008558B8 /* CTMediator+Video.swift */,
				C36515072407C0A8008558B8 /* CTMediator+Discover.swift */,
				C36515082407C0A8008558B8 /* CTMediator+CloudVillage.swift */,
				C36515092407C0A8008558B8 /* CTMediator+Account.swift */,
				C365150A2407C0A8008558B8 /* CTMediator+Mine.swift */,
				C365150B2407C0A8008558B8 /* CTMediator+Login.swift */,
			);
			path = Mediator;
			sourceTree = "<group>";
		};
/* End PBXGroup section */

/* Begin PBXNativeTarget section */
		391BFA2823F3E8BB007D8315 /* SFCloudMusic */ = {
			isa = PBXNativeTarget;
			buildConfigurationList = 391BFA5323F3E8BC007D8315 /* Build configuration list for PBXNativeTarget "SFCloudMusic" */;
			buildPhases = (
				26E516E351C4F5D4683E3F4A /* [CP] Check Pods Manifest.lock */,
				391BFA2523F3E8BB007D8315 /* Sources */,
				391BFA2623F3E8BB007D8315 /* Frameworks */,
				391BFA2723F3E8BB007D8315 /* Resources */,
				FE06C2F9A1494A7358FDDA74 /* [CP] Embed Pods Frameworks */,
			);
			buildRules = (
			);
			dependencies = (
			);
			name = SFCloudMusic;
			productName = SFCloudMusic;
			productReference = 391BFA2923F3E8BB007D8315 /* SFCloudMusic.app */;
			productType = "com.apple.product-type.application";
		};
		391BFA3E23F3E8BC007D8315 /* SFCloudMusicTests */ = {
			isa = PBXNativeTarget;
			buildConfigurationList = 391BFA5623F3E8BC007D8315 /* Build configuration list for PBXNativeTarget "SFCloudMusicTests" */;
			buildPhases = (
				B58E8B5E67FBC909FB32D652 /* [CP] Check Pods Manifest.lock */,
				391BFA3B23F3E8BC007D8315 /* Sources */,
				391BFA3C23F3E8BC007D8315 /* Frameworks */,
				391BFA3D23F3E8BC007D8315 /* Resources */,
				F1886D2F8A0B77A1EE885E85 /* [CP] Embed Pods Frameworks */,
			);
			buildRules = (
			);
			dependencies = (
				391BFA4123F3E8BC007D8315 /* PBXTargetDependency */,
			);
			name = SFCloudMusicTests;
			productName = SFCloudMusicTests;
			productReference = 391BFA3F23F3E8BC007D8315 /* SFCloudMusicTests.xctest */;
			productType = "com.apple.product-type.bundle.unit-test";
		};
		391BFA4923F3E8BC007D8315 /* SFCloudMusicUITests */ = {
			isa = PBXNativeTarget;
			buildConfigurationList = 391BFA5923F3E8BC007D8315 /* Build configuration list for PBXNativeTarget "SFCloudMusicUITests" */;
			buildPhases = (
				142F0A0C19543EC426AC0732 /* [CP] Check Pods Manifest.lock */,
				391BFA4623F3E8BC007D8315 /* Sources */,
				391BFA4723F3E8BC007D8315 /* Frameworks */,
				391BFA4823F3E8BC007D8315 /* Resources */,
				613C2B970793770AAB205585 /* [CP] Embed Pods Frameworks */,
			);
			buildRules = (
			);
			dependencies = (
				391BFA4C23F3E8BC007D8315 /* PBXTargetDependency */,
			);
			name = SFCloudMusicUITests;
			productName = SFCloudMusicUITests;
			productReference = 391BFA4A23F3E8BC007D8315 /* SFCloudMusicUITests.xctest */;
			productType = "com.apple.product-type.bundle.ui-testing";
		};
/* End PBXNativeTarget section */

/* Begin PBXProject section */
		391BFA2123F3E8BA007D8315 /* Project object */ = {
			isa = PBXProject;
			attributes = {
				CLASSPREFIX = SF;
				LastSwiftUpdateCheck = 1130;
				LastUpgradeCheck = 1130;
				ORGANIZATIONNAME = "沈海超";
				TargetAttributes = {
					391BFA2823F3E8BB007D8315 = {
						CreatedOnToolsVersion = 11.3;
					};
					391BFA3E23F3E8BC007D8315 = {
						CreatedOnToolsVersion = 11.3;
						TestTargetID = 391BFA2823F3E8BB007D8315;
					};
					391BFA4923F3E8BC007D8315 = {
						CreatedOnToolsVersion = 11.3;
						TestTargetID = 391BFA2823F3E8BB007D8315;
					};
				};
			};
			buildConfigurationList = 391BFA2423F3E8BA007D8315 /* Build configuration list for PBXProject "SFCloudMusic" */;
			compatibilityVersion = "Xcode 9.3";
			developmentRegion = en;
			hasScannedForEncodings = 0;
			knownRegions = (
				en,
				Base,
			);
			mainGroup = 391BFA2023F3E8BA007D8315;
			productRefGroup = 391BFA2A23F3E8BB007D8315 /* Products */;
			projectDirPath = "";
			projectRoot = "";
			targets = (
				391BFA2823F3E8BB007D8315 /* SFCloudMusic */,
				391BFA3E23F3E8BC007D8315 /* SFCloudMusicTests */,
				391BFA4923F3E8BC007D8315 /* SFCloudMusicUITests */,
			);
		};
/* End PBXProject section */

/* Begin PBXResourcesBuildPhase section */
		391BFA2723F3E8BB007D8315 /* Resources */ = {
			isa = PBXResourcesBuildPhase;
			buildActionMask = 2147483647;
			files = (
				391BFA3923F3E8BC007D8315 /* LaunchScreen.storyboard in Resources */,
				C36515282407C309008558B8 /* Discover.storyboard in Resources */,
				391BFA3623F3E8BC007D8315 /* Assets.xcassets in Resources */,
				C365153D2407C3CD008558B8 /* Mine.storyboard in Resources */,
				C36515292407C309008558B8 /* SFDiscoverServicesCell.xib in Resources */,
				C36515442407C3F2008558B8 /* CloudVillage.storyboard in Resources */,
				C36515132407C256008558B8 /* Login.storyboard in Resources */,
				C365154D2407C413008558B8 /* Account.storyboard in Resources */,
				C36515342407C3B1008558B8 /* Video.storyboard in Resources */,
			);
			runOnlyForDeploymentPostprocessing = 0;
		};
		391BFA3D23F3E8BC007D8315 /* Resources */ = {
			isa = PBXResourcesBuildPhase;
			buildActionMask = 2147483647;
			files = (
			);
			runOnlyForDeploymentPostprocessing = 0;
		};
		391BFA4823F3E8BC007D8315 /* Resources */ = {
			isa = PBXResourcesBuildPhase;
			buildActionMask = 2147483647;
			files = (
			);
			runOnlyForDeploymentPostprocessing = 0;
		};
/* End PBXResourcesBuildPhase section */

/* Begin PBXShellScriptBuildPhase section */
		142F0A0C19543EC426AC0732 /* [CP] Check Pods Manifest.lock */ = {
			isa = PBXShellScriptBuildPhase;
			buildActionMask = 2147483647;
			files = (
			);
			inputFileListPaths = (
			);
			inputPaths = (
				"${PODS_PODFILE_DIR_PATH}/Podfile.lock",
				"${PODS_ROOT}/Manifest.lock",
			);
			name = "[CP] Check Pods Manifest.lock";
			outputFileListPaths = (
			);
			outputPaths = (
				"$(DERIVED_FILE_DIR)/Pods-SFCloudMusic-SFCloudMusicUITests-checkManifestLockResult.txt",
			);
			runOnlyForDeploymentPostprocessing = 0;
			shellPath = /bin/sh;
			shellScript = "diff \"${PODS_PODFILE_DIR_PATH}/Podfile.lock\" \"${PODS_ROOT}/Manifest.lock\" > /dev/null\nif [ $? != 0 ] ; then\n    # print error to STDERR\n    echo \"error: The sandbox is not in sync with the Podfile.lock. Run 'pod install' or update your CocoaPods installation.\" >&2\n    exit 1\nfi\n# This output is used by Xcode 'outputs' to avoid re-running this script phase.\necho \"SUCCESS\" > \"${SCRIPT_OUTPUT_FILE_0}\"\n";
			showEnvVarsInLog = 0;
		};
		26E516E351C4F5D4683E3F4A /* [CP] Check Pods Manifest.lock */ = {
			isa = PBXShellScriptBuildPhase;
			buildActionMask = 2147483647;
			files = (
			);
			inputFileListPaths = (
			);
			inputPaths = (
				"${PODS_PODFILE_DIR_PATH}/Podfile.lock",
				"${PODS_ROOT}/Manifest.lock",
			);
			name = "[CP] Check Pods Manifest.lock";
			outputFileListPaths = (
			);
			outputPaths = (
				"$(DERIVED_FILE_DIR)/Pods-SFCloudMusic-checkManifestLockResult.txt",
			);
			runOnlyForDeploymentPostprocessing = 0;
			shellPath = /bin/sh;
			shellScript = "diff \"${PODS_PODFILE_DIR_PATH}/Podfile.lock\" \"${PODS_ROOT}/Manifest.lock\" > /dev/null\nif [ $? != 0 ] ; then\n    # print error to STDERR\n    echo \"error: The sandbox is not in sync with the Podfile.lock. Run 'pod install' or update your CocoaPods installation.\" >&2\n    exit 1\nfi\n# This output is used by Xcode 'outputs' to avoid re-running this script phase.\necho \"SUCCESS\" > \"${SCRIPT_OUTPUT_FILE_0}\"\n";
			showEnvVarsInLog = 0;
		};
		613C2B970793770AAB205585 /* [CP] Embed Pods Frameworks */ = {
			isa = PBXShellScriptBuildPhase;
			buildActionMask = 2147483647;
			files = (
			);
			inputFileListPaths = (
				"${PODS_ROOT}/Target Support Files/Pods-SFCloudMusic-SFCloudMusicUITests/Pods-SFCloudMusic-SFCloudMusicUITests-frameworks-${CONFIGURATION}-input-files.xcfilelist",
			);
			name = "[CP] Embed Pods Frameworks";
			outputFileListPaths = (
				"${PODS_ROOT}/Target Support Files/Pods-SFCloudMusic-SFCloudMusicUITests/Pods-SFCloudMusic-SFCloudMusicUITests-frameworks-${CONFIGURATION}-output-files.xcfilelist",
			);
			runOnlyForDeploymentPostprocessing = 0;
			shellPath = /bin/sh;
			shellScript = "\"${PODS_ROOT}/Target Support Files/Pods-SFCloudMusic-SFCloudMusicUITests/Pods-SFCloudMusic-SFCloudMusicUITests-frameworks.sh\"\n";
			showEnvVarsInLog = 0;
		};
		B58E8B5E67FBC909FB32D652 /* [CP] Check Pods Manifest.lock */ = {
			isa = PBXShellScriptBuildPhase;
			buildActionMask = 2147483647;
			files = (
			);
			inputFileListPaths = (
			);
			inputPaths = (
				"${PODS_PODFILE_DIR_PATH}/Podfile.lock",
				"${PODS_ROOT}/Manifest.lock",
			);
			name = "[CP] Check Pods Manifest.lock";
			outputFileListPaths = (
			);
			outputPaths = (
				"$(DERIVED_FILE_DIR)/Pods-SFCloudMusic-SFCloudMusicTests-checkManifestLockResult.txt",
			);
			runOnlyForDeploymentPostprocessing = 0;
			shellPath = /bin/sh;
			shellScript = "diff \"${PODS_PODFILE_DIR_PATH}/Podfile.lock\" \"${PODS_ROOT}/Manifest.lock\" > /dev/null\nif [ $? != 0 ] ; then\n    # print error to STDERR\n    echo \"error: The sandbox is not in sync with the Podfile.lock. Run 'pod install' or update your CocoaPods installation.\" >&2\n    exit 1\nfi\n# This output is used by Xcode 'outputs' to avoid re-running this script phase.\necho \"SUCCESS\" > \"${SCRIPT_OUTPUT_FILE_0}\"\n";
			showEnvVarsInLog = 0;
		};
		F1886D2F8A0B77A1EE885E85 /* [CP] Embed Pods Frameworks */ = {
			isa = PBXShellScriptBuildPhase;
			buildActionMask = 2147483647;
			files = (
			);
			inputFileListPaths = (
				"${PODS_ROOT}/Target Support Files/Pods-SFCloudMusic-SFCloudMusicTests/Pods-SFCloudMusic-SFCloudMusicTests-frameworks-${CONFIGURATION}-input-files.xcfilelist",
			);
			name = "[CP] Embed Pods Frameworks";
			outputFileListPaths = (
				"${PODS_ROOT}/Target Support Files/Pods-SFCloudMusic-SFCloudMusicTests/Pods-SFCloudMusic-SFCloudMusicTests-frameworks-${CONFIGURATION}-output-files.xcfilelist",
			);
			runOnlyForDeploymentPostprocessing = 0;
			shellPath = /bin/sh;
			shellScript = "\"${PODS_ROOT}/Target Support Files/Pods-SFCloudMusic-SFCloudMusicTests/Pods-SFCloudMusic-SFCloudMusicTests-frameworks.sh\"\n";
			showEnvVarsInLog = 0;
		};
		FE06C2F9A1494A7358FDDA74 /* [CP] Embed Pods Frameworks */ = {
			isa = PBXShellScriptBuildPhase;
			buildActionMask = 2147483647;
			files = (
			);
			inputFileListPaths = (
				"${PODS_ROOT}/Target Support Files/Pods-SFCloudMusic/Pods-SFCloudMusic-frameworks-${CONFIGURATION}-input-files.xcfilelist",
			);
			name = "[CP] Embed Pods Frameworks";
			outputFileListPaths = (
				"${PODS_ROOT}/Target Support Files/Pods-SFCloudMusic/Pods-SFCloudMusic-frameworks-${CONFIGURATION}-output-files.xcfilelist",
			);
			runOnlyForDeploymentPostprocessing = 0;
			shellPath = /bin/sh;
			shellScript = "\"${PODS_ROOT}/Target Support Files/Pods-SFCloudMusic/Pods-SFCloudMusic-frameworks.sh\"\n";
			showEnvVarsInLog = 0;
		};
/* End PBXShellScriptBuildPhase section */

/* Begin PBXSourcesBuildPhase section */
		391BFA2523F3E8BB007D8315 /* Sources */ = {
			isa = PBXSourcesBuildPhase;
			buildActionMask = 2147483647;
			files = (
				C36515102407C0A8008558B8 /* CTMediator+Mine.swift in Sources */,
				39D1482B23F4FA420068E105 /* SFHomeTabCoordinator.swift in Sources */,
				391BFA6123F3E963007D8315 /* SFAppCoordinator.swift in Sources */,
				C36515322407C3B1008558B8 /* SFVideoViewController.swift in Sources */,
				C365152D2407C35E008558B8 /* BindableType.swift in Sources */,
				393973F323F67DEA00295EAD /* UIImage+UI.swift in Sources */,
				393973F423F67DEA00295EAD /* UIColor+UI.swift in Sources */,
				C36515432407C3F2008558B8 /* Target_CloudVillage.swift in Sources */,
				C36515422407C3F2008558B8 /* SFCloundVillageViewModel.swift in Sources */,
				C365150F2407C0A8008558B8 /* CTMediator+Account.swift in Sources */,
				C36515112407C0A8008558B8 /* CTMediator+Login.swift in Sources */,
				C36515502407C461008558B8 /* SFCycleScrollView1.swift in Sources */,
				C365154B2407C413008558B8 /* SFAccountViewController.swift in Sources */,
				C36515332407C3B1008558B8 /* Target_Video.swift in Sources */,
				39AE046D23F82C1B002AAE3E /* SFBaseSectionModel.swift in Sources */,
				C36515242407C309008558B8 /* SFDiscoverViewController.swift in Sources */,
				396715AD23FB3C6600956072 /* SFAlertKit.swift in Sources */,
				391BFA3123F3E8BB007D8315 /* ViewController.swift in Sources */,
				39D1482D23F500B90068E105 /* SFDiscoverCoordinator.swift in Sources */,
				39818CDB23F9915A0055C2CF /* String+URL.swift in Sources */,
				C365153A2407C3CD008558B8 /* SFMineViewModel.swift in Sources */,
				C365154A2407C413008558B8 /* SFAccountViewModel.swift in Sources */,
				C36515512407C461008558B8 /* SFCycleScrollView.swift in Sources */,
				C36515232407C309008558B8 /* SFDiscoverCycleScrollCell.swift in Sources */,
				C36515222407C309008558B8 /* SFDiscoverViewModel.swift in Sources */,
				39D1483523F501020068E105 /* SFAccountCoordinator.swift in Sources */,
				C365150D2407C0A8008558B8 /* CTMediator+Discover.swift in Sources */,
				C365150E2407C0A8008558B8 /* CTMediator+CloudVillage.swift in Sources */,
				C36515172407C29E008558B8 /* SFLoginViewModel.swift in Sources */,
				C365153B2407C3CD008558B8 /* Target_Mine.swift in Sources */,
				C365154C2407C413008558B8 /* Target_Account.swift in Sources */,
				391BFA2D23F3E8BB007D8315 /* AppDelegate.swift in Sources */,
				39D1483123F500E50068E105 /* SFMineCoordinator.swift in Sources */,
				C36515262407C309008558B8 /* SFDiscoverCycleScrollCellModel.swift in Sources */,
				C365150C2407C0A8008558B8 /* CTMediator+Video.swift in Sources */,
				393973F723F6A2D800295EAD /* UIImageView+SD.swift in Sources */,
				C36515042407C0A0008558B8 /* SFMediator.swift in Sources */,
				39D1483323F500F10068E105 /* SFCloudVillageCoordinator.swift in Sources */,
				391BFA2F23F3E8BB007D8315 /* SceneDelegate.swift in Sources */,
				C365152B2407C309008558B8 /* Target_Discover.swift in Sources */,
				C36515152407C277008558B8 /* Target_Login.swift in Sources */,
				C365152A2407C309008558B8 /* SFDiscoverService.swift in Sources */,
				39AE046923F818DC002AAE3E /* SFBaseTableViewCell.swift in Sources */,
				C36515252407C309008558B8 /* SFDiscoverServicesCell.swift in Sources */,
				C365153C2407C3CD008558B8 /* SFMineViewController.swift in Sources */,
				C36515272407C309008558B8 /* SFDiscoverServicesCellModel.swift in Sources */,
				C36515452407C3F2008558B8 /* SFCloundVillageViewController.swift in Sources */,
				39AE046B23F819BD002AAE3E /* SFBaseCellModel.swift in Sources */,
				C36515352407C3B1008558B8 /* SFVideoViewModel.swift in Sources */,
				39D1484123F502620068E105 /* SFLoginViewController.swift in Sources */,
				39D1482F23F500D90068E105 /* SFVideoCoordinator.swift in Sources */,
			);
			runOnlyForDeploymentPostprocessing = 0;
		};
		391BFA3B23F3E8BC007D8315 /* Sources */ = {
			isa = PBXSourcesBuildPhase;
			buildActionMask = 2147483647;
			files = (
				391BFA4423F3E8BC007D8315 /* SFCloudMusicTests.swift in Sources */,
			);
			runOnlyForDeploymentPostprocessing = 0;
		};
		391BFA4623F3E8BC007D8315 /* Sources */ = {
			isa = PBXSourcesBuildPhase;
			buildActionMask = 2147483647;
			files = (
				391BFA4F23F3E8BC007D8315 /* SFCloudMusicUITests.swift in Sources */,
			);
			runOnlyForDeploymentPostprocessing = 0;
		};
/* End PBXSourcesBuildPhase section */

/* Begin PBXTargetDependency section */
		391BFA4123F3E8BC007D8315 /* PBXTargetDependency */ = {
			isa = PBXTargetDependency;
			target = 391BFA2823F3E8BB007D8315 /* SFCloudMusic */;
			targetProxy = 391BFA4023F3E8BC007D8315 /* PBXContainerItemProxy */;
		};
		391BFA4C23F3E8BC007D8315 /* PBXTargetDependency */ = {
			isa = PBXTargetDependency;
			target = 391BFA2823F3E8BB007D8315 /* SFCloudMusic */;
			targetProxy = 391BFA4B23F3E8BC007D8315 /* PBXContainerItemProxy */;
		};
/* End PBXTargetDependency section */

/* Begin PBXVariantGroup section */
		391BFA3723F3E8BC007D8315 /* LaunchScreen.storyboard */ = {
			isa = PBXVariantGroup;
			children = (
				391BFA3823F3E8BC007D8315 /* Base */,
			);
			name = LaunchScreen.storyboard;
			sourceTree = "<group>";
		};
/* End PBXVariantGroup section */

/* Begin XCBuildConfiguration section */
		391BFA5123F3E8BC007D8315 /* Debug */ = {
			isa = XCBuildConfiguration;
			buildSettings = {
				ALWAYS_SEARCH_USER_PATHS = NO;
				CLANG_ANALYZER_NONNULL = YES;
				CLANG_ANALYZER_NUMBER_OBJECT_CONVERSION = YES_AGGRESSIVE;
				CLANG_CXX_LANGUAGE_STANDARD = "gnu++14";
				CLANG_CXX_LIBRARY = "libc++";
				CLANG_ENABLE_MODULES = YES;
				CLANG_ENABLE_OBJC_ARC = YES;
				CLANG_ENABLE_OBJC_WEAK = YES;
				CLANG_WARN_BLOCK_CAPTURE_AUTORELEASING = YES;
				CLANG_WARN_BOOL_CONVERSION = YES;
				CLANG_WARN_COMMA = YES;
				CLANG_WARN_CONSTANT_CONVERSION = YES;
				CLANG_WARN_DEPRECATED_OBJC_IMPLEMENTATIONS = YES;
				CLANG_WARN_DIRECT_OBJC_ISA_USAGE = YES_ERROR;
				CLANG_WARN_DOCUMENTATION_COMMENTS = YES;
				CLANG_WARN_EMPTY_BODY = YES;
				CLANG_WARN_ENUM_CONVERSION = YES;
				CLANG_WARN_INFINITE_RECURSION = YES;
				CLANG_WARN_INT_CONVERSION = YES;
				CLANG_WARN_NON_LITERAL_NULL_CONVERSION = YES;
				CLANG_WARN_OBJC_IMPLICIT_RETAIN_SELF = YES;
				CLANG_WARN_OBJC_LITERAL_CONVERSION = YES;
				CLANG_WARN_OBJC_ROOT_CLASS = YES_ERROR;
				CLANG_WARN_RANGE_LOOP_ANALYSIS = YES;
				CLANG_WARN_STRICT_PROTOTYPES = YES;
				CLANG_WARN_SUSPICIOUS_MOVE = YES;
				CLANG_WARN_UNGUARDED_AVAILABILITY = YES_AGGRESSIVE;
				CLANG_WARN_UNREACHABLE_CODE = YES;
				CLANG_WARN__DUPLICATE_METHOD_MATCH = YES;
				COPY_PHASE_STRIP = NO;
				DEBUG_INFORMATION_FORMAT = dwarf;
				ENABLE_STRICT_OBJC_MSGSEND = YES;
				ENABLE_TESTABILITY = YES;
				GCC_C_LANGUAGE_STANDARD = gnu11;
				GCC_DYNAMIC_NO_PIC = NO;
				GCC_NO_COMMON_BLOCKS = YES;
				GCC_OPTIMIZATION_LEVEL = 0;
				GCC_PREPROCESSOR_DEFINITIONS = (
					"DEBUG=1",
					"$(inherited)",
				);
				GCC_WARN_64_TO_32_BIT_CONVERSION = YES;
				GCC_WARN_ABOUT_RETURN_TYPE = YES_ERROR;
				GCC_WARN_UNDECLARED_SELECTOR = YES;
				GCC_WARN_UNINITIALIZED_AUTOS = YES_AGGRESSIVE;
				GCC_WARN_UNUSED_FUNCTION = YES;
				GCC_WARN_UNUSED_VARIABLE = YES;
				IPHONEOS_DEPLOYMENT_TARGET = 13.2;
				MTL_ENABLE_DEBUG_INFO = INCLUDE_SOURCE;
				MTL_FAST_MATH = YES;
				ONLY_ACTIVE_ARCH = YES;
				SDKROOT = iphoneos;
				SWIFT_ACTIVE_COMPILATION_CONDITIONS = DEBUG;
				SWIFT_OPTIMIZATION_LEVEL = "-Onone";
			};
			name = Debug;
		};
		391BFA5223F3E8BC007D8315 /* Release */ = {
			isa = XCBuildConfiguration;
			buildSettings = {
				ALWAYS_SEARCH_USER_PATHS = NO;
				CLANG_ANALYZER_NONNULL = YES;
				CLANG_ANALYZER_NUMBER_OBJECT_CONVERSION = YES_AGGRESSIVE;
				CLANG_CXX_LANGUAGE_STANDARD = "gnu++14";
				CLANG_CXX_LIBRARY = "libc++";
				CLANG_ENABLE_MODULES = YES;
				CLANG_ENABLE_OBJC_ARC = YES;
				CLANG_ENABLE_OBJC_WEAK = YES;
				CLANG_WARN_BLOCK_CAPTURE_AUTORELEASING = YES;
				CLANG_WARN_BOOL_CONVERSION = YES;
				CLANG_WARN_COMMA = YES;
				CLANG_WARN_CONSTANT_CONVERSION = YES;
				CLANG_WARN_DEPRECATED_OBJC_IMPLEMENTATIONS = YES;
				CLANG_WARN_DIRECT_OBJC_ISA_USAGE = YES_ERROR;
				CLANG_WARN_DOCUMENTATION_COMMENTS = YES;
				CLANG_WARN_EMPTY_BODY = YES;
				CLANG_WARN_ENUM_CONVERSION = YES;
				CLANG_WARN_INFINITE_RECURSION = YES;
				CLANG_WARN_INT_CONVERSION = YES;
				CLANG_WARN_NON_LITERAL_NULL_CONVERSION = YES;
				CLANG_WARN_OBJC_IMPLICIT_RETAIN_SELF = YES;
				CLANG_WARN_OBJC_LITERAL_CONVERSION = YES;
				CLANG_WARN_OBJC_ROOT_CLASS = YES_ERROR;
				CLANG_WARN_RANGE_LOOP_ANALYSIS = YES;
				CLANG_WARN_STRICT_PROTOTYPES = YES;
				CLANG_WARN_SUSPICIOUS_MOVE = YES;
				CLANG_WARN_UNGUARDED_AVAILABILITY = YES_AGGRESSIVE;
				CLANG_WARN_UNREACHABLE_CODE = YES;
				CLANG_WARN__DUPLICATE_METHOD_MATCH = YES;
				COPY_PHASE_STRIP = NO;
				DEBUG_INFORMATION_FORMAT = "dwarf-with-dsym";
				ENABLE_NS_ASSERTIONS = NO;
				ENABLE_STRICT_OBJC_MSGSEND = YES;
				GCC_C_LANGUAGE_STANDARD = gnu11;
				GCC_NO_COMMON_BLOCKS = YES;
				GCC_WARN_64_TO_32_BIT_CONVERSION = YES;
				GCC_WARN_ABOUT_RETURN_TYPE = YES_ERROR;
				GCC_WARN_UNDECLARED_SELECTOR = YES;
				GCC_WARN_UNINITIALIZED_AUTOS = YES_AGGRESSIVE;
				GCC_WARN_UNUSED_FUNCTION = YES;
				GCC_WARN_UNUSED_VARIABLE = YES;
				IPHONEOS_DEPLOYMENT_TARGET = 13.2;
				MTL_ENABLE_DEBUG_INFO = NO;
				MTL_FAST_MATH = YES;
				SDKROOT = iphoneos;
				SWIFT_COMPILATION_MODE = wholemodule;
				SWIFT_OPTIMIZATION_LEVEL = "-O";
				VALIDATE_PRODUCT = YES;
			};
			name = Release;
		};
		391BFA5423F3E8BC007D8315 /* Debug */ = {
			isa = XCBuildConfiguration;
			baseConfigurationReference = 33B5BEE59155A7227F92179C /* Pods-SFCloudMusic.debug.xcconfig */;
			buildSettings = {
				ASSETCATALOG_COMPILER_APPICON_NAME = AppIcon;
				CODE_SIGN_STYLE = Automatic;
				DEVELOPMENT_TEAM = CM22YAGS99;
				INFOPLIST_FILE = SFCloudMusic/Info.plist;
				LD_RUNPATH_SEARCH_PATHS = (
					"$(inherited)",
					"@executable_path/Frameworks",
				);
				PRODUCT_BUNDLE_IDENTIFIER = com.shenhaichao.SFCloudMusic;
				PRODUCT_NAME = "$(TARGET_NAME)";
				SWIFT_VERSION = 5.0;
				TARGETED_DEVICE_FAMILY = 1;
			};
			name = Debug;
		};
		391BFA5523F3E8BC007D8315 /* Release */ = {
			isa = XCBuildConfiguration;
			baseConfigurationReference = 0DEC6FF4E0EB3EA4FFB298E8 /* Pods-SFCloudMusic.release.xcconfig */;
			buildSettings = {
				ASSETCATALOG_COMPILER_APPICON_NAME = AppIcon;
				CODE_SIGN_STYLE = Automatic;
				DEVELOPMENT_TEAM = CM22YAGS99;
				INFOPLIST_FILE = SFCloudMusic/Info.plist;
				LD_RUNPATH_SEARCH_PATHS = (
					"$(inherited)",
					"@executable_path/Frameworks",
				);
				PRODUCT_BUNDLE_IDENTIFIER = com.shenhaichao.SFCloudMusic;
				PRODUCT_NAME = "$(TARGET_NAME)";
				SWIFT_VERSION = 5.0;
				TARGETED_DEVICE_FAMILY = 1;
			};
			name = Release;
		};
		391BFA5723F3E8BC007D8315 /* Debug */ = {
			isa = XCBuildConfiguration;
			baseConfigurationReference = 082A84F676FB93CE669DA0AF /* Pods-SFCloudMusic-SFCloudMusicTests.debug.xcconfig */;
			buildSettings = {
				ALWAYS_EMBED_SWIFT_STANDARD_LIBRARIES = YES;
				BUNDLE_LOADER = "$(TEST_HOST)";
				CODE_SIGN_STYLE = Automatic;
				DEVELOPMENT_TEAM = CM22YAGS99;
				INFOPLIST_FILE = SFCloudMusicTests/Info.plist;
				IPHONEOS_DEPLOYMENT_TARGET = 13.2;
				LD_RUNPATH_SEARCH_PATHS = (
					"$(inherited)",
					"@executable_path/Frameworks",
					"@loader_path/Frameworks",
				);
				PRODUCT_BUNDLE_IDENTIFIER = com.shenhaichao.SFCloudMusicTests;
				PRODUCT_NAME = "$(TARGET_NAME)";
				SWIFT_VERSION = 5.0;
				TARGETED_DEVICE_FAMILY = "1,2";
				TEST_HOST = "$(BUILT_PRODUCTS_DIR)/SFCloudMusic.app/SFCloudMusic";
			};
			name = Debug;
		};
		391BFA5823F3E8BC007D8315 /* Release */ = {
			isa = XCBuildConfiguration;
			baseConfigurationReference = 68FADECB5E0E06EDB63C4BF2 /* Pods-SFCloudMusic-SFCloudMusicTests.release.xcconfig */;
			buildSettings = {
				ALWAYS_EMBED_SWIFT_STANDARD_LIBRARIES = YES;
				BUNDLE_LOADER = "$(TEST_HOST)";
				CODE_SIGN_STYLE = Automatic;
				DEVELOPMENT_TEAM = CM22YAGS99;
				INFOPLIST_FILE = SFCloudMusicTests/Info.plist;
				IPHONEOS_DEPLOYMENT_TARGET = 13.2;
				LD_RUNPATH_SEARCH_PATHS = (
					"$(inherited)",
					"@executable_path/Frameworks",
					"@loader_path/Frameworks",
				);
				PRODUCT_BUNDLE_IDENTIFIER = com.shenhaichao.SFCloudMusicTests;
				PRODUCT_NAME = "$(TARGET_NAME)";
				SWIFT_VERSION = 5.0;
				TARGETED_DEVICE_FAMILY = "1,2";
				TEST_HOST = "$(BUILT_PRODUCTS_DIR)/SFCloudMusic.app/SFCloudMusic";
			};
			name = Release;
		};
		391BFA5A23F3E8BC007D8315 /* Debug */ = {
			isa = XCBuildConfiguration;
			baseConfigurationReference = 9A489081DB43354771847AD9 /* Pods-SFCloudMusic-SFCloudMusicUITests.debug.xcconfig */;
			buildSettings = {
				ALWAYS_EMBED_SWIFT_STANDARD_LIBRARIES = YES;
				CODE_SIGN_STYLE = Automatic;
				DEVELOPMENT_TEAM = CM22YAGS99;
				INFOPLIST_FILE = SFCloudMusicUITests/Info.plist;
				LD_RUNPATH_SEARCH_PATHS = (
					"$(inherited)",
					"@executable_path/Frameworks",
					"@loader_path/Frameworks",
				);
				PRODUCT_BUNDLE_IDENTIFIER = com.shenhaichao.SFCloudMusicUITests;
				PRODUCT_NAME = "$(TARGET_NAME)";
				SWIFT_VERSION = 5.0;
				TARGETED_DEVICE_FAMILY = "1,2";
				TEST_TARGET_NAME = SFCloudMusic;
			};
			name = Debug;
		};
		391BFA5B23F3E8BC007D8315 /* Release */ = {
			isa = XCBuildConfiguration;
			baseConfigurationReference = C7674537F6A9DC86BEEFA4F8 /* Pods-SFCloudMusic-SFCloudMusicUITests.release.xcconfig */;
			buildSettings = {
				ALWAYS_EMBED_SWIFT_STANDARD_LIBRARIES = YES;
				CODE_SIGN_STYLE = Automatic;
				DEVELOPMENT_TEAM = CM22YAGS99;
				INFOPLIST_FILE = SFCloudMusicUITests/Info.plist;
				LD_RUNPATH_SEARCH_PATHS = (
					"$(inherited)",
					"@executable_path/Frameworks",
					"@loader_path/Frameworks",
				);
				PRODUCT_BUNDLE_IDENTIFIER = com.shenhaichao.SFCloudMusicUITests;
				PRODUCT_NAME = "$(TARGET_NAME)";
				SWIFT_VERSION = 5.0;
				TARGETED_DEVICE_FAMILY = "1,2";
				TEST_TARGET_NAME = SFCloudMusic;
			};
			name = Release;
		};
/* End XCBuildConfiguration section */

/* Begin XCConfigurationList section */
		391BFA2423F3E8BA007D8315 /* Build configuration list for PBXProject "SFCloudMusic" */ = {
			isa = XCConfigurationList;
			buildConfigurations = (
				391BFA5123F3E8BC007D8315 /* Debug */,
				391BFA5223F3E8BC007D8315 /* Release */,
			);
			defaultConfigurationIsVisible = 0;
			defaultConfigurationName = Release;
		};
		391BFA5323F3E8BC007D8315 /* Build configuration list for PBXNativeTarget "SFCloudMusic" */ = {
			isa = XCConfigurationList;
			buildConfigurations = (
				391BFA5423F3E8BC007D8315 /* Debug */,
				391BFA5523F3E8BC007D8315 /* Release */,
			);
			defaultConfigurationIsVisible = 0;
			defaultConfigurationName = Release;
		};
		391BFA5623F3E8BC007D8315 /* Build configuration list for PBXNativeTarget "SFCloudMusicTests" */ = {
			isa = XCConfigurationList;
			buildConfigurations = (
				391BFA5723F3E8BC007D8315 /* Debug */,
				391BFA5823F3E8BC007D8315 /* Release */,
			);
			defaultConfigurationIsVisible = 0;
			defaultConfigurationName = Release;
		};
		391BFA5923F3E8BC007D8315 /* Build configuration list for PBXNativeTarget "SFCloudMusicUITests" */ = {
			isa = XCConfigurationList;
			buildConfigurations = (
				391BFA5A23F3E8BC007D8315 /* Debug */,
				391BFA5B23F3E8BC007D8315 /* Release */,
			);
			defaultConfigurationIsVisible = 0;
			defaultConfigurationName = Release;
		};
/* End XCConfigurationList section */
	};
	rootObject = 391BFA2123F3E8BA007D8315 /* Project object */;
}
